// !$*UTF8*$!
{
	archiveVersion = 1;
	classes = {
	};
	objectVersion = 46;
	objects = {

/* Begin PBXBuildFile section */
		135A8CD267E89AA418B8C6F3 /* Pods_MGDYZB.framework in Frameworks */ = {isa = PBXBuildFile; fileRef = AD0757F38DC503B365D02D7F /* Pods_MGDYZB.framework */; };
		3A01C1BA1DC31948000C05DD /* UIView+LYMExtension.m in Sources */ = {isa = PBXBuildFile; fileRef = 3A01C1B81DC31948000C05DD /* UIView+LYMExtension.m */; settings = {ASSET_TAGS = (); }; };
		3A01C1BC1DC339CF000C05DD /* SaveTools.swift in Sources */ = {isa = PBXBuildFile; fileRef = 3A01C1BB1DC339CF000C05DD /* SaveTools.swift */; settings = {ASSET_TAGS = (); }; };
		3A01C1BE1DC33CE8000C05DD /* GuardScrollView.swift in Sources */ = {isa = PBXBuildFile; fileRef = 3A01C1BD1DC33CE8000C05DD /* GuardScrollView.swift */; settings = {ASSET_TAGS = (); }; };
		3A0367921DC066FC00F02FBA /* NetworkTools.swift in Sources */ = {isa = PBXBuildFile; fileRef = 3A0367911DC066FC00F02FBA /* NetworkTools.swift */; settings = {ASSET_TAGS = (); }; };
		3A0367941DC06D8B00F02FBA /* AnchorGroup.swift in Sources */ = {isa = PBXBuildFile; fileRef = 3A0367931DC06D8B00F02FBA /* AnchorGroup.swift */; settings = {ASSET_TAGS = (); }; };
		3A0367961DC06DC100F02FBA /* AnchorModel.swift in Sources */ = {isa = PBXBuildFile; fileRef = 3A0367951DC06DC100F02FBA /* AnchorModel.swift */; settings = {ASSET_TAGS = (); }; };
		3A0367981DC06E8E00F02FBA /* BaseGameModel.swift in Sources */ = {isa = PBXBuildFile; fileRef = 3A0367971DC06E8E00F02FBA /* BaseGameModel.swift */; settings = {ASSET_TAGS = (); }; };
		3A03679A1DC072A100F02FBA /* RecommendViewModel.swift in Sources */ = {isa = PBXBuildFile; fileRef = 3A0367991DC072A100F02FBA /* RecommendViewModel.swift */; settings = {ASSET_TAGS = (); }; };
		3A03679C1DC0739800F02FBA /* BaseViewModel.swift in Sources */ = {isa = PBXBuildFile; fileRef = 3A03679B1DC0739800F02FBA /* BaseViewModel.swift */; settings = {ASSET_TAGS = (); }; };
		3A03679E1DC078E100F02FBA /* CollectionBaseCell.swift in Sources */ = {isa = PBXBuildFile; fileRef = 3A03679D1DC078E100F02FBA /* CollectionBaseCell.swift */; settings = {ASSET_TAGS = (); }; };
		3A0367A11DC0792400F02FBA /* CollectionNormalCell.swift in Sources */ = {isa = PBXBuildFile; fileRef = 3A03679F1DC0792400F02FBA /* CollectionNormalCell.swift */; settings = {ASSET_TAGS = (); }; };
		3A0367A21DC0792400F02FBA /* CollectionNormalCell.xib in Resources */ = {isa = PBXBuildFile; fileRef = 3A0367A01DC0792400F02FBA /* CollectionNormalCell.xib */; settings = {ASSET_TAGS = (); }; };
		3A0367A51DC0793D00F02FBA /* CollectionPrettyCell.swift in Sources */ = {isa = PBXBuildFile; fileRef = 3A0367A31DC0793D00F02FBA /* CollectionPrettyCell.swift */; settings = {ASSET_TAGS = (); }; };
		3A0367A61DC0793D00F02FBA /* CollectionPrettyCell.xib in Resources */ = {isa = PBXBuildFile; fileRef = 3A0367A41DC0793D00F02FBA /* CollectionPrettyCell.xib */; settings = {ASSET_TAGS = (); }; };
		3A0BAADB1DC057D000FF1C53 /* CollectionHeaderView.swift in Sources */ = {isa = PBXBuildFile; fileRef = 3A0BAAD91DC057D000FF1C53 /* CollectionHeaderView.swift */; settings = {ASSET_TAGS = (); }; };
		3A0BAADC1DC057D000FF1C53 /* CollectionHeaderView.xib in Resources */ = {isa = PBXBuildFile; fileRef = 3A0BAADA1DC057D000FF1C53 /* CollectionHeaderView.xib */; settings = {ASSET_TAGS = (); }; };
		3A122BC71DC0B90F00285A40 /* UIBarButtonItem-Extension.swift in Sources */ = {isa = PBXBuildFile; fileRef = 3A122BC61DC0B90F00285A40 /* UIBarButtonItem-Extension.swift */; settings = {ASSET_TAGS = (); }; };
		3A122BC91DC0EAA100285A40 /* GameViewModel.swift in Sources */ = {isa = PBXBuildFile; fileRef = 3A122BC81DC0EAA000285A40 /* GameViewModel.swift */; settings = {ASSET_TAGS = (); }; };
		3A122BCB1DC0EB0400285A40 /* GameModel.swift in Sources */ = {isa = PBXBuildFile; fileRef = 3A122BCA1DC0EB0400285A40 /* GameModel.swift */; settings = {ASSET_TAGS = (); }; };
		3A122BCD1DC0EF8A00285A40 /* BaseViewController.swift in Sources */ = {isa = PBXBuildFile; fileRef = 3A122BCC1DC0EF8A00285A40 /* BaseViewController.swift */; settings = {ASSET_TAGS = (); }; };
		3A122BCF1DC0F71F00285A40 /* FunnyViewModel.swift in Sources */ = {isa = PBXBuildFile; fileRef = 3A122BCE1DC0F71F00285A40 /* FunnyViewModel.swift */; settings = {ASSET_TAGS = (); }; };
		3A122BD11DC0FA8A00285A40 /* AmuseViewModel.swift in Sources */ = {isa = PBXBuildFile; fileRef = 3A122BD01DC0FA8A00285A40 /* AmuseViewModel.swift */; settings = {ASSET_TAGS = (); }; };
		3A28E4691DC21224002B7C42 /* MGScrollTopWindow.swift in Sources */ = {isa = PBXBuildFile; fileRef = 3A28E4681DC21224002B7C42 /* MGScrollTopWindow.swift */; settings = {ASSET_TAGS = (); }; };
		3A294EFB1DC0986E000EE406 /* placeholder.png in Resources */ = {isa = PBXBuildFile; fileRef = 3A294EF81DC0986E000EE406 /* placeholder.png */; settings = {ASSET_TAGS = (); }; };
		3A294EFC1DC0986E000EE406 /* XRCarouselView.m in Sources */ = {isa = PBXBuildFile; fileRef = 3A294EFA1DC0986E000EE406 /* XRCarouselView.m */; settings = {ASSET_TAGS = (); }; };
		3A294EFE1DC09964000EE406 /* RecommendCycleView.swift in Sources */ = {isa = PBXBuildFile; fileRef = 3A294EFD1DC09964000EE406 /* RecommendCycleView.swift */; settings = {ASSET_TAGS = (); }; };
		3A294F151DC0A08F000EE406 /* CycleModel.swift in Sources */ = {isa = PBXBuildFile; fileRef = 3A294F141DC0A08F000EE406 /* CycleModel.swift */; settings = {ASSET_TAGS = (); }; };
		3A294F171DC0A580000EE406 /* RecommendGameView.swift in Sources */ = {isa = PBXBuildFile; fileRef = 3A294F161DC0A580000EE406 /* RecommendGameView.swift */; settings = {ASSET_TAGS = (); }; };
		3A294F1A1DC0A751000EE406 /* CollectionGameCell.swift in Sources */ = {isa = PBXBuildFile; fileRef = 3A294F181DC0A751000EE406 /* CollectionGameCell.swift */; settings = {ASSET_TAGS = (); }; };
		3A294F1B1DC0A751000EE406 /* CollectionGameCell.xib in Resources */ = {isa = PBXBuildFile; fileRef = 3A294F191DC0A751000EE406 /* CollectionGameCell.xib */; settings = {ASSET_TAGS = (); }; };
		3A9779BA1DBF7C3F00C79CE6 /* AppDelegate.swift in Sources */ = {isa = PBXBuildFile; fileRef = 3A9779B91DBF7C3F00C79CE6 /* AppDelegate.swift */; };
		3A9779C11DBF7C4000C79CE6 /* Assets.xcassets in Resources */ = {isa = PBXBuildFile; fileRef = 3A9779C01DBF7C4000C79CE6 /* Assets.xcassets */; };
		3A9779DD1DBF7ED100C79CE6 /* MGTabBarController.swift in Sources */ = {isa = PBXBuildFile; fileRef = 3A9779DC1DBF7ED100C79CE6 /* MGTabBarController.swift */; settings = {ASSET_TAGS = (); }; };
		3A9779DF1DBF7EF100C79CE6 /* MGNavController.swift in Sources */ = {isa = PBXBuildFile; fileRef = 3A9779DE1DBF7EF100C79CE6 /* MGNavController.swift */; settings = {ASSET_TAGS = (); }; };
		3A9779EC1DBF802E00C79CE6 /* HomeViewController.swift in Sources */ = {isa = PBXBuildFile; fileRef = 3A9779EB1DBF802E00C79CE6 /* HomeViewController.swift */; settings = {ASSET_TAGS = (); }; };
		3A9779EF1DBF85D300C79CE6 /* ColorExtesion.swift in Sources */ = {isa = PBXBuildFile; fileRef = 3A9779EE1DBF85D300C79CE6 /* ColorExtesion.swift */; settings = {ASSET_TAGS = (); }; };
		3A9779F51DBF904B00C79CE6 /* Common.swift in Sources */ = {isa = PBXBuildFile; fileRef = 3A9779F41DBF904B00C79CE6 /* Common.swift */; settings = {ASSET_TAGS = (); }; };
		3A9779F71DBF9F2E00C79CE6 /* HomeTitlesView.swift in Sources */ = {isa = PBXBuildFile; fileRef = 3A9779F61DBF9F2E00C79CE6 /* HomeTitlesView.swift */; settings = {ASSET_TAGS = (); }; };
		3A9779F91DBFA35B00C79CE6 /* HomeContentView.swift in Sources */ = {isa = PBXBuildFile; fileRef = 3A9779F81DBFA35B00C79CE6 /* HomeContentView.swift */; settings = {ASSET_TAGS = (); }; };
		3A9779FB1DBFA45200C79CE6 /* RecommendViewController.swift in Sources */ = {isa = PBXBuildFile; fileRef = 3A9779FA1DBFA45200C79CE6 /* RecommendViewController.swift */; settings = {ASSET_TAGS = (); }; };
		3A9779FD1DBFA46300C79CE6 /* GameViewController.swift in Sources */ = {isa = PBXBuildFile; fileRef = 3A9779FC1DBFA46300C79CE6 /* GameViewController.swift */; settings = {ASSET_TAGS = (); }; };
		3A9779FF1DBFA47300C79CE6 /* AmuseViewController.swift in Sources */ = {isa = PBXBuildFile; fileRef = 3A9779FE1DBFA47300C79CE6 /* AmuseViewController.swift */; settings = {ASSET_TAGS = (); }; };
		3A977A011DBFA48300C79CE6 /* FunnyViewController.swift in Sources */ = {isa = PBXBuildFile; fileRef = 3A977A001DBFA48300C79CE6 /* FunnyViewController.swift */; settings = {ASSET_TAGS = (); }; };
		3AA37C7E1DC341AA00F6DCAF /* DeformationButton.m in Sources */ = {isa = PBXBuildFile; fileRef = 3AA37C7A1DC341AA00F6DCAF /* DeformationButton.m */; settings = {ASSET_TAGS = (); }; };
		3AA37C7F1DC341AA00F6DCAF /* MMMaterialDesignSpinner.m in Sources */ = {isa = PBXBuildFile; fileRef = 3AA37C7D1DC341AA00F6DCAF /* MMMaterialDesignSpinner.m */; settings = {ASSET_TAGS = (); }; };
		3AA37CB51DC34C6500F6DCAF /* POPAnimatableProperty.mm in Sources */ = {isa = PBXBuildFile; fileRef = 3AA37C841DC34C6500F6DCAF /* POPAnimatableProperty.mm */; settings = {ASSET_TAGS = (); }; };
		3AA37CB61DC34C6500F6DCAF /* POPAnimation.mm in Sources */ = {isa = PBXBuildFile; fileRef = 3AA37C861DC34C6500F6DCAF /* POPAnimation.mm */; settings = {ASSET_TAGS = (); }; };
		3AA37CB71DC34C6500F6DCAF /* POPAnimationEvent.mm in Sources */ = {isa = PBXBuildFile; fileRef = 3AA37C881DC34C6500F6DCAF /* POPAnimationEvent.mm */; settings = {ASSET_TAGS = (); }; };
		3AA37CB81DC34C6500F6DCAF /* POPAnimationExtras.mm in Sources */ = {isa = PBXBuildFile; fileRef = 3AA37C8B1DC34C6500F6DCAF /* POPAnimationExtras.mm */; settings = {ASSET_TAGS = (); }; };
		3AA37CB91DC34C6500F6DCAF /* POPAnimationRuntime.mm in Sources */ = {isa = PBXBuildFile; fileRef = 3AA37C8F1DC34C6500F6DCAF /* POPAnimationRuntime.mm */; settings = {ASSET_TAGS = (); }; };
		3AA37CBA1DC34C6500F6DCAF /* POPAnimationTracer.mm in Sources */ = {isa = PBXBuildFile; fileRef = 3AA37C911DC34C6500F6DCAF /* POPAnimationTracer.mm */; settings = {ASSET_TAGS = (); }; };
		3AA37CBB1DC34C6500F6DCAF /* POPAnimator.mm in Sources */ = {isa = PBXBuildFile; fileRef = 3AA37C941DC34C6500F6DCAF /* POPAnimator.mm */; settings = {ASSET_TAGS = (); }; };
		3AA37CBC1DC34C6500F6DCAF /* POPBasicAnimation.mm in Sources */ = {isa = PBXBuildFile; fileRef = 3AA37C971DC34C6500F6DCAF /* POPBasicAnimation.mm */; settings = {ASSET_TAGS = (); }; };
		3AA37CBD1DC34C6500F6DCAF /* POPCGUtils.mm in Sources */ = {isa = PBXBuildFile; fileRef = 3AA37C9A1DC34C6500F6DCAF /* POPCGUtils.mm */; settings = {ASSET_TAGS = (); }; };
		3AA37CBE1DC34C6500F6DCAF /* POPCustomAnimation.mm in Sources */ = {isa = PBXBuildFile; fileRef = 3AA37C9C1DC34C6500F6DCAF /* POPCustomAnimation.mm */; settings = {ASSET_TAGS = (); }; };
		3AA37CBF1DC34C6500F6DCAF /* POPDecayAnimation.mm in Sources */ = {isa = PBXBuildFile; fileRef = 3AA37C9E1DC34C6500F6DCAF /* POPDecayAnimation.mm */; settings = {ASSET_TAGS = (); }; };
		3AA37CC01DC34C6500F6DCAF /* POPGeometry.mm in Sources */ = {isa = PBXBuildFile; fileRef = 3AA37CA21DC34C6500F6DCAF /* POPGeometry.mm */; settings = {ASSET_TAGS = (); }; };
		3AA37CC11DC34C6500F6DCAF /* POPLayerExtras.mm in Sources */ = {isa = PBXBuildFile; fileRef = 3AA37CA41DC34C6500F6DCAF /* POPLayerExtras.mm */; settings = {ASSET_TAGS = (); }; };
		3AA37CC21DC34C6500F6DCAF /* POPMath.mm in Sources */ = {isa = PBXBuildFile; fileRef = 3AA37CA61DC34C6500F6DCAF /* POPMath.mm */; settings = {ASSET_TAGS = (); }; };
		3AA37CC31DC34C6500F6DCAF /* POPPropertyAnimation.mm in Sources */ = {isa = PBXBuildFile; fileRef = 3AA37CA81DC34C6500F6DCAF /* POPPropertyAnimation.mm */; settings = {ASSET_TAGS = (); }; };
		3AA37CC41DC34C6500F6DCAF /* POPSpringAnimation.mm in Sources */ = {isa = PBXBuildFile; fileRef = 3AA37CAB1DC34C6500F6DCAF /* POPSpringAnimation.mm */; settings = {ASSET_TAGS = (); }; };
		3AA37CC51DC34C6500F6DCAF /* POPVector.mm in Sources */ = {isa = PBXBuildFile; fileRef = 3AA37CAF1DC34C6500F6DCAF /* POPVector.mm */; settings = {ASSET_TAGS = (); }; };
		3AA37CC61DC34C6500F6DCAF /* TransformationMatrix.cpp in Sources */ = {isa = PBXBuildFile; fileRef = 3AA37CB21DC34C6500F6DCAF /* TransformationMatrix.cpp */; settings = {ASSET_TAGS = (); }; };
/* End PBXBuildFile section */

/* Begin PBXFileReference section */
		33AABCF1C5958A4B82B9FAEE /* Pods-MGDYZB.debug.xcconfig */ = {isa = PBXFileReference; includeInIndex = 1; lastKnownFileType = text.xcconfig; name = "Pods-MGDYZB.debug.xcconfig"; path = "Pods/Target Support Files/Pods-MGDYZB/Pods-MGDYZB.debug.xcconfig"; sourceTree = "<group>"; };
		3A01C1B71DC31948000C05DD /* UIView+LYMExtension.h */ = {isa = PBXFileReference; fileEncoding = 4; lastKnownFileType = sourcecode.c.h; path = "UIView+LYMExtension.h"; sourceTree = "<group>"; };
		3A01C1B81DC31948000C05DD /* UIView+LYMExtension.m */ = {isa = PBXFileReference; fileEncoding = 4; lastKnownFileType = sourcecode.c.objc; path = "UIView+LYMExtension.m"; sourceTree = "<group>"; };
		3A01C1BB1DC339CF000C05DD /* SaveTools.swift */ = {isa = PBXFileReference; fileEncoding = 4; lastKnownFileType = sourcecode.swift; path = SaveTools.swift; sourceTree = "<group>"; };
		3A01C1BD1DC33CE8000C05DD /* GuardScrollView.swift */ = {isa = PBXFileReference; fileEncoding = 4; lastKnownFileType = sourcecode.swift; path = GuardScrollView.swift; sourceTree = "<group>"; };
		3A0367911DC066FC00F02FBA /* NetworkTools.swift */ = {isa = PBXFileReference; fileEncoding = 4; lastKnownFileType = sourcecode.swift; path = NetworkTools.swift; sourceTree = "<group>"; };
		3A0367931DC06D8B00F02FBA /* AnchorGroup.swift */ = {isa = PBXFileReference; fileEncoding = 4; lastKnownFileType = sourcecode.swift; path = AnchorGroup.swift; sourceTree = "<group>"; };
		3A0367951DC06DC100F02FBA /* AnchorModel.swift */ = {isa = PBXFileReference; fileEncoding = 4; lastKnownFileType = sourcecode.swift; path = AnchorModel.swift; sourceTree = "<group>"; };
		3A0367971DC06E8E00F02FBA /* BaseGameModel.swift */ = {isa = PBXFileReference; fileEncoding = 4; lastKnownFileType = sourcecode.swift; path = BaseGameModel.swift; sourceTree = "<group>"; };
		3A0367991DC072A100F02FBA /* RecommendViewModel.swift */ = {isa = PBXFileReference; fileEncoding = 4; lastKnownFileType = sourcecode.swift; path = RecommendViewModel.swift; sourceTree = "<group>"; };
		3A03679B1DC0739800F02FBA /* BaseViewModel.swift */ = {isa = PBXFileReference; fileEncoding = 4; lastKnownFileType = sourcecode.swift; path = BaseViewModel.swift; sourceTree = "<group>"; };
		3A03679D1DC078E100F02FBA /* CollectionBaseCell.swift */ = {isa = PBXFileReference; fileEncoding = 4; lastKnownFileType = sourcecode.swift; path = CollectionBaseCell.swift; sourceTree = "<group>"; };
		3A03679F1DC0792400F02FBA /* CollectionNormalCell.swift */ = {isa = PBXFileReference; fileEncoding = 4; lastKnownFileType = sourcecode.swift; path = CollectionNormalCell.swift; sourceTree = "<group>"; };
		3A0367A01DC0792400F02FBA /* CollectionNormalCell.xib */ = {isa = PBXFileReference; fileEncoding = 4; lastKnownFileType = file.xib; path = CollectionNormalCell.xib; sourceTree = "<group>"; };
		3A0367A31DC0793D00F02FBA /* CollectionPrettyCell.swift */ = {isa = PBXFileReference; fileEncoding = 4; lastKnownFileType = sourcecode.swift; path = CollectionPrettyCell.swift; sourceTree = "<group>"; };
		3A0367A41DC0793D00F02FBA /* CollectionPrettyCell.xib */ = {isa = PBXFileReference; fileEncoding = 4; lastKnownFileType = file.xib; path = CollectionPrettyCell.xib; sourceTree = "<group>"; };
		3A0BAAD91DC057D000FF1C53 /* CollectionHeaderView.swift */ = {isa = PBXFileReference; fileEncoding = 4; lastKnownFileType = sourcecode.swift; path = CollectionHeaderView.swift; sourceTree = "<group>"; };
		3A0BAADA1DC057D000FF1C53 /* CollectionHeaderView.xib */ = {isa = PBXFileReference; fileEncoding = 4; lastKnownFileType = file.xib; path = CollectionHeaderView.xib; sourceTree = "<group>"; };
		3A122BC61DC0B90F00285A40 /* UIBarButtonItem-Extension.swift */ = {isa = PBXFileReference; fileEncoding = 4; lastKnownFileType = sourcecode.swift; path = "UIBarButtonItem-Extension.swift"; sourceTree = "<group>"; };
		3A122BC81DC0EAA000285A40 /* GameViewModel.swift */ = {isa = PBXFileReference; fileEncoding = 4; lastKnownFileType = sourcecode.swift; path = GameViewModel.swift; sourceTree = "<group>"; };
		3A122BCA1DC0EB0400285A40 /* GameModel.swift */ = {isa = PBXFileReference; fileEncoding = 4; lastKnownFileType = sourcecode.swift; path = GameModel.swift; sourceTree = "<group>"; };
		3A122BCC1DC0EF8A00285A40 /* BaseViewController.swift */ = {isa = PBXFileReference; fileEncoding = 4; lastKnownFileType = sourcecode.swift; path = BaseViewController.swift; sourceTree = "<group>"; };
		3A122BCE1DC0F71F00285A40 /* FunnyViewModel.swift */ = {isa = PBXFileReference; fileEncoding = 4; lastKnownFileType = sourcecode.swift; path = FunnyViewModel.swift; sourceTree = "<group>"; };
		3A122BD01DC0FA8A00285A40 /* AmuseViewModel.swift */ = {isa = PBXFileReference; fileEncoding = 4; lastKnownFileType = sourcecode.swift; path = AmuseViewModel.swift; sourceTree = "<group>"; };
		3A28E4681DC21224002B7C42 /* MGScrollTopWindow.swift */ = {isa = PBXFileReference; fileEncoding = 4; lastKnownFileType = sourcecode.swift; path = MGScrollTopWindow.swift; sourceTree = "<group>"; };
		3A294EF51DC097A4000EE406 /* Bridge.h */ = {isa = PBXFileReference; fileEncoding = 4; lastKnownFileType = sourcecode.c.h; path = Bridge.h; sourceTree = "<group>"; };
		3A294EF81DC0986E000EE406 /* placeholder.png */ = {isa = PBXFileReference; lastKnownFileType = image.png; path = placeholder.png; sourceTree = "<group>"; };
		3A294EF91DC0986E000EE406 /* XRCarouselView.h */ = {isa = PBXFileReference; fileEncoding = 4; lastKnownFileType = sourcecode.c.h; path = XRCarouselView.h; sourceTree = "<group>"; };
		3A294EFA1DC0986E000EE406 /* XRCarouselView.m */ = {isa = PBXFileReference; fileEncoding = 4; lastKnownFileType = sourcecode.c.objc; path = XRCarouselView.m; sourceTree = "<group>"; };
		3A294EFD1DC09964000EE406 /* RecommendCycleView.swift */ = {isa = PBXFileReference; fileEncoding = 4; lastKnownFileType = sourcecode.swift; path = RecommendCycleView.swift; sourceTree = "<group>"; };
		3A294F141DC0A08F000EE406 /* CycleModel.swift */ = {isa = PBXFileReference; fileEncoding = 4; lastKnownFileType = sourcecode.swift; path = CycleModel.swift; sourceTree = "<group>"; };
		3A294F161DC0A580000EE406 /* RecommendGameView.swift */ = {isa = PBXFileReference; fileEncoding = 4; lastKnownFileType = sourcecode.swift; path = RecommendGameView.swift; sourceTree = "<group>"; };
		3A294F181DC0A751000EE406 /* CollectionGameCell.swift */ = {isa = PBXFileReference; fileEncoding = 4; lastKnownFileType = sourcecode.swift; path = CollectionGameCell.swift; sourceTree = "<group>"; };
		3A294F191DC0A751000EE406 /* CollectionGameCell.xib */ = {isa = PBXFileReference; fileEncoding = 4; lastKnownFileType = file.xib; path = CollectionGameCell.xib; sourceTree = "<group>"; };
		3A9779B61DBF7C3F00C79CE6 /* MGDYZB.app */ = {isa = PBXFileReference; explicitFileType = wrapper.application; includeInIndex = 0; path = MGDYZB.app; sourceTree = BUILT_PRODUCTS_DIR; };
		3A9779B91DBF7C3F00C79CE6 /* AppDelegate.swift */ = {isa = PBXFileReference; lastKnownFileType = sourcecode.swift; path = AppDelegate.swift; sourceTree = "<group>"; };
		3A9779C01DBF7C4000C79CE6 /* Assets.xcassets */ = {isa = PBXFileReference; lastKnownFileType = folder.assetcatalog; path = Assets.xcassets; sourceTree = "<group>"; };
		3A9779C51DBF7C4000C79CE6 /* Info.plist */ = {isa = PBXFileReference; lastKnownFileType = text.plist.xml; path = Info.plist; sourceTree = "<group>"; };
		3A9779DC1DBF7ED100C79CE6 /* MGTabBarController.swift */ = {isa = PBXFileReference; fileEncoding = 4; lastKnownFileType = sourcecode.swift; path = MGTabBarController.swift; sourceTree = "<group>"; };
		3A9779DE1DBF7EF100C79CE6 /* MGNavController.swift */ = {isa = PBXFileReference; fileEncoding = 4; lastKnownFileType = sourcecode.swift; path = MGNavController.swift; sourceTree = "<group>"; };
		3A9779EB1DBF802E00C79CE6 /* HomeViewController.swift */ = {isa = PBXFileReference; fileEncoding = 4; lastKnownFileType = sourcecode.swift; path = HomeViewController.swift; sourceTree = "<group>"; };
		3A9779EE1DBF85D300C79CE6 /* ColorExtesion.swift */ = {isa = PBXFileReference; fileEncoding = 4; lastKnownFileType = sourcecode.swift; path = ColorExtesion.swift; sourceTree = "<group>"; };
		3A9779F41DBF904B00C79CE6 /* Common.swift */ = {isa = PBXFileReference; fileEncoding = 4; lastKnownFileType = sourcecode.swift; path = Common.swift; sourceTree = "<group>"; };
		3A9779F61DBF9F2E00C79CE6 /* HomeTitlesView.swift */ = {isa = PBXFileReference; fileEncoding = 4; lastKnownFileType = sourcecode.swift; path = HomeTitlesView.swift; sourceTree = "<group>"; };
		3A9779F81DBFA35B00C79CE6 /* HomeContentView.swift */ = {isa = PBXFileReference; fileEncoding = 4; lastKnownFileType = sourcecode.swift; path = HomeContentView.swift; sourceTree = "<group>"; };
		3A9779FA1DBFA45200C79CE6 /* RecommendViewController.swift */ = {isa = PBXFileReference; fileEncoding = 4; lastKnownFileType = sourcecode.swift; path = RecommendViewController.swift; sourceTree = "<group>"; };
		3A9779FC1DBFA46300C79CE6 /* GameViewController.swift */ = {isa = PBXFileReference; fileEncoding = 4; lastKnownFileType = sourcecode.swift; path = GameViewController.swift; sourceTree = "<group>"; };
		3A9779FE1DBFA47300C79CE6 /* AmuseViewController.swift */ = {isa = PBXFileReference; fileEncoding = 4; lastKnownFileType = sourcecode.swift; path = AmuseViewController.swift; sourceTree = "<group>"; };
		3A977A001DBFA48300C79CE6 /* FunnyViewController.swift */ = {isa = PBXFileReference; fileEncoding = 4; lastKnownFileType = sourcecode.swift; path = FunnyViewController.swift; sourceTree = "<group>"; };
		3AA37C791DC341AA00F6DCAF /* DeformationButton.h */ = {isa = PBXFileReference; fileEncoding = 4; lastKnownFileType = sourcecode.c.h; path = DeformationButton.h; sourceTree = "<group>"; };
		3AA37C7A1DC341AA00F6DCAF /* DeformationButton.m */ = {isa = PBXFileReference; fileEncoding = 4; lastKnownFileType = sourcecode.c.objc; path = DeformationButton.m; sourceTree = "<group>"; };
		3AA37C7C1DC341AA00F6DCAF /* MMMaterialDesignSpinner.h */ = {isa = PBXFileReference; fileEncoding = 4; lastKnownFileType = sourcecode.c.h; path = MMMaterialDesignSpinner.h; sourceTree = "<group>"; };
		3AA37C7D1DC341AA00F6DCAF /* MMMaterialDesignSpinner.m */ = {isa = PBXFileReference; fileEncoding = 4; lastKnownFileType = sourcecode.c.objc; path = MMMaterialDesignSpinner.m; sourceTree = "<group>"; };
		3AA37C811DC34C6500F6DCAF /* POP.h */ = {isa = PBXFileReference; fileEncoding = 4; lastKnownFileType = sourcecode.c.h; path = POP.h; sourceTree = "<group>"; };
		3AA37C821DC34C6500F6DCAF /* POPAction.h */ = {isa = PBXFileReference; fileEncoding = 4; lastKnownFileType = sourcecode.c.h; path = POPAction.h; sourceTree = "<group>"; };
		3AA37C831DC34C6500F6DCAF /* POPAnimatableProperty.h */ = {isa = PBXFileReference; fileEncoding = 4; lastKnownFileType = sourcecode.c.h; path = POPAnimatableProperty.h; sourceTree = "<group>"; };
		3AA37C841DC34C6500F6DCAF /* POPAnimatableProperty.mm */ = {isa = PBXFileReference; fileEncoding = 4; lastKnownFileType = sourcecode.cpp.objcpp; path = POPAnimatableProperty.mm; sourceTree = "<group>"; };
		3AA37C851DC34C6500F6DCAF /* POPAnimation.h */ = {isa = PBXFileReference; fileEncoding = 4; lastKnownFileType = sourcecode.c.h; path = POPAnimation.h; sourceTree = "<group>"; };
		3AA37C861DC34C6500F6DCAF /* POPAnimation.mm */ = {isa = PBXFileReference; fileEncoding = 4; lastKnownFileType = sourcecode.cpp.objcpp; path = POPAnimation.mm; sourceTree = "<group>"; };
		3AA37C871DC34C6500F6DCAF /* POPAnimationEvent.h */ = {isa = PBXFileReference; fileEncoding = 4; lastKnownFileType = sourcecode.c.h; path = POPAnimationEvent.h; sourceTree = "<group>"; };
		3AA37C881DC34C6500F6DCAF /* POPAnimationEvent.mm */ = {isa = PBXFileReference; fileEncoding = 4; lastKnownFileType = sourcecode.cpp.objcpp; path = POPAnimationEvent.mm; sourceTree = "<group>"; };
		3AA37C891DC34C6500F6DCAF /* POPAnimationEventInternal.h */ = {isa = PBXFileReference; fileEncoding = 4; lastKnownFileType = sourcecode.c.h; path = POPAnimationEventInternal.h; sourceTree = "<group>"; };
		3AA37C8A1DC34C6500F6DCAF /* POPAnimationExtras.h */ = {isa = PBXFileReference; fileEncoding = 4; lastKnownFileType = sourcecode.c.h; path = POPAnimationExtras.h; sourceTree = "<group>"; };
		3AA37C8B1DC34C6500F6DCAF /* POPAnimationExtras.mm */ = {isa = PBXFileReference; fileEncoding = 4; lastKnownFileType = sourcecode.cpp.objcpp; path = POPAnimationExtras.mm; sourceTree = "<group>"; };
		3AA37C8C1DC34C6500F6DCAF /* POPAnimationInternal.h */ = {isa = PBXFileReference; fileEncoding = 4; lastKnownFileType = sourcecode.c.h; path = POPAnimationInternal.h; sourceTree = "<group>"; };
		3AA37C8D1DC34C6500F6DCAF /* POPAnimationPrivate.h */ = {isa = PBXFileReference; fileEncoding = 4; lastKnownFileType = sourcecode.c.h; path = POPAnimationPrivate.h; sourceTree = "<group>"; };
		3AA37C8E1DC34C6500F6DCAF /* POPAnimationRuntime.h */ = {isa = PBXFileReference; fileEncoding = 4; lastKnownFileType = sourcecode.c.h; path = POPAnimationRuntime.h; sourceTree = "<group>"; };
		3AA37C8F1DC34C6500F6DCAF /* POPAnimationRuntime.mm */ = {isa = PBXFileReference; fileEncoding = 4; lastKnownFileType = sourcecode.cpp.objcpp; path = POPAnimationRuntime.mm; sourceTree = "<group>"; };
		3AA37C901DC34C6500F6DCAF /* POPAnimationTracer.h */ = {isa = PBXFileReference; fileEncoding = 4; lastKnownFileType = sourcecode.c.h; path = POPAnimationTracer.h; sourceTree = "<group>"; };
		3AA37C911DC34C6500F6DCAF /* POPAnimationTracer.mm */ = {isa = PBXFileReference; fileEncoding = 4; lastKnownFileType = sourcecode.cpp.objcpp; path = POPAnimationTracer.mm; sourceTree = "<group>"; };
		3AA37C921DC34C6500F6DCAF /* POPAnimationTracerInternal.h */ = {isa = PBXFileReference; fileEncoding = 4; lastKnownFileType = sourcecode.c.h; path = POPAnimationTracerInternal.h; sourceTree = "<group>"; };
		3AA37C931DC34C6500F6DCAF /* POPAnimator.h */ = {isa = PBXFileReference; fileEncoding = 4; lastKnownFileType = sourcecode.c.h; path = POPAnimator.h; sourceTree = "<group>"; };
		3AA37C941DC34C6500F6DCAF /* POPAnimator.mm */ = {isa = PBXFileReference; fileEncoding = 4; lastKnownFileType = sourcecode.cpp.objcpp; path = POPAnimator.mm; sourceTree = "<group>"; };
		3AA37C951DC34C6500F6DCAF /* POPAnimatorPrivate.h */ = {isa = PBXFileReference; fileEncoding = 4; lastKnownFileType = sourcecode.c.h; path = POPAnimatorPrivate.h; sourceTree = "<group>"; };
		3AA37C961DC34C6500F6DCAF /* POPBasicAnimation.h */ = {isa = PBXFileReference; fileEncoding = 4; lastKnownFileType = sourcecode.c.h; path = POPBasicAnimation.h; sourceTree = "<group>"; };
		3AA37C971DC34C6500F6DCAF /* POPBasicAnimation.mm */ = {isa = PBXFileReference; fileEncoding = 4; lastKnownFileType = sourcecode.cpp.objcpp; path = POPBasicAnimation.mm; sourceTree = "<group>"; };
		3AA37C981DC34C6500F6DCAF /* POPBasicAnimationInternal.h */ = {isa = PBXFileReference; fileEncoding = 4; lastKnownFileType = sourcecode.c.h; path = POPBasicAnimationInternal.h; sourceTree = "<group>"; };
		3AA37C991DC34C6500F6DCAF /* POPCGUtils.h */ = {isa = PBXFileReference; fileEncoding = 4; lastKnownFileType = sourcecode.c.h; path = POPCGUtils.h; sourceTree = "<group>"; };
		3AA37C9A1DC34C6500F6DCAF /* POPCGUtils.mm */ = {isa = PBXFileReference; fileEncoding = 4; lastKnownFileType = sourcecode.cpp.objcpp; path = POPCGUtils.mm; sourceTree = "<group>"; };
		3AA37C9B1DC34C6500F6DCAF /* POPCustomAnimation.h */ = {isa = PBXFileReference; fileEncoding = 4; lastKnownFileType = sourcecode.c.h; path = POPCustomAnimation.h; sourceTree = "<group>"; };
		3AA37C9C1DC34C6500F6DCAF /* POPCustomAnimation.mm */ = {isa = PBXFileReference; fileEncoding = 4; lastKnownFileType = sourcecode.cpp.objcpp; path = POPCustomAnimation.mm; sourceTree = "<group>"; };
		3AA37C9D1DC34C6500F6DCAF /* POPDecayAnimation.h */ = {isa = PBXFileReference; fileEncoding = 4; lastKnownFileType = sourcecode.c.h; path = POPDecayAnimation.h; sourceTree = "<group>"; };
		3AA37C9E1DC34C6500F6DCAF /* POPDecayAnimation.mm */ = {isa = PBXFileReference; fileEncoding = 4; lastKnownFileType = sourcecode.cpp.objcpp; path = POPDecayAnimation.mm; sourceTree = "<group>"; };
		3AA37C9F1DC34C6500F6DCAF /* POPDecayAnimationInternal.h */ = {isa = PBXFileReference; fileEncoding = 4; lastKnownFileType = sourcecode.c.h; path = POPDecayAnimationInternal.h; sourceTree = "<group>"; };
		3AA37CA01DC34C6500F6DCAF /* POPDefines.h */ = {isa = PBXFileReference; fileEncoding = 4; lastKnownFileType = sourcecode.c.h; path = POPDefines.h; sourceTree = "<group>"; };
		3AA37CA11DC34C6500F6DCAF /* POPGeometry.h */ = {isa = PBXFileReference; fileEncoding = 4; lastKnownFileType = sourcecode.c.h; path = POPGeometry.h; sourceTree = "<group>"; };
		3AA37CA21DC34C6500F6DCAF /* POPGeometry.mm */ = {isa = PBXFileReference; fileEncoding = 4; lastKnownFileType = sourcecode.cpp.objcpp; path = POPGeometry.mm; sourceTree = "<group>"; };
		3AA37CA31DC34C6500F6DCAF /* POPLayerExtras.h */ = {isa = PBXFileReference; fileEncoding = 4; lastKnownFileType = sourcecode.c.h; path = POPLayerExtras.h; sourceTree = "<group>"; };
		3AA37CA41DC34C6500F6DCAF /* POPLayerExtras.mm */ = {isa = PBXFileReference; fileEncoding = 4; lastKnownFileType = sourcecode.cpp.objcpp; path = POPLayerExtras.mm; sourceTree = "<group>"; };
		3AA37CA51DC34C6500F6DCAF /* POPMath.h */ = {isa = PBXFileReference; fileEncoding = 4; lastKnownFileType = sourcecode.c.h; path = POPMath.h; sourceTree = "<group>"; };
		3AA37CA61DC34C6500F6DCAF /* POPMath.mm */ = {isa = PBXFileReference; fileEncoding = 4; lastKnownFileType = sourcecode.cpp.objcpp; path = POPMath.mm; sourceTree = "<group>"; };
		3AA37CA71DC34C6500F6DCAF /* POPPropertyAnimation.h */ = {isa = PBXFileReference; fileEncoding = 4; lastKnownFileType = sourcecode.c.h; path = POPPropertyAnimation.h; sourceTree = "<group>"; };
		3AA37CA81DC34C6500F6DCAF /* POPPropertyAnimation.mm */ = {isa = PBXFileReference; fileEncoding = 4; lastKnownFileType = sourcecode.cpp.objcpp; path = POPPropertyAnimation.mm; sourceTree = "<group>"; };
		3AA37CA91DC34C6500F6DCAF /* POPPropertyAnimationInternal.h */ = {isa = PBXFileReference; fileEncoding = 4; lastKnownFileType = sourcecode.c.h; path = POPPropertyAnimationInternal.h; sourceTree = "<group>"; };
		3AA37CAA1DC34C6500F6DCAF /* POPSpringAnimation.h */ = {isa = PBXFileReference; fileEncoding = 4; lastKnownFileType = sourcecode.c.h; path = POPSpringAnimation.h; sourceTree = "<group>"; };
		3AA37CAB1DC34C6500F6DCAF /* POPSpringAnimation.mm */ = {isa = PBXFileReference; fileEncoding = 4; lastKnownFileType = sourcecode.cpp.objcpp; path = POPSpringAnimation.mm; sourceTree = "<group>"; };
		3AA37CAC1DC34C6500F6DCAF /* POPSpringAnimationInternal.h */ = {isa = PBXFileReference; fileEncoding = 4; lastKnownFileType = sourcecode.c.h; path = POPSpringAnimationInternal.h; sourceTree = "<group>"; };
		3AA37CAD1DC34C6500F6DCAF /* POPSpringSolver.h */ = {isa = PBXFileReference; fileEncoding = 4; lastKnownFileType = sourcecode.c.h; path = POPSpringSolver.h; sourceTree = "<group>"; };
		3AA37CAE1DC34C6500F6DCAF /* POPVector.h */ = {isa = PBXFileReference; fileEncoding = 4; lastKnownFileType = sourcecode.c.h; path = POPVector.h; sourceTree = "<group>"; };
		3AA37CAF1DC34C6500F6DCAF /* POPVector.mm */ = {isa = PBXFileReference; fileEncoding = 4; lastKnownFileType = sourcecode.cpp.objcpp; path = POPVector.mm; sourceTree = "<group>"; };
		3AA37CB11DC34C6500F6DCAF /* FloatConversion.h */ = {isa = PBXFileReference; fileEncoding = 4; lastKnownFileType = sourcecode.c.h; path = FloatConversion.h; sourceTree = "<group>"; };
		3AA37CB21DC34C6500F6DCAF /* TransformationMatrix.cpp */ = {isa = PBXFileReference; fileEncoding = 4; lastKnownFileType = sourcecode.cpp.cpp; path = TransformationMatrix.cpp; sourceTree = "<group>"; };
		3AA37CB31DC34C6500F6DCAF /* TransformationMatrix.h */ = {isa = PBXFileReference; fileEncoding = 4; lastKnownFileType = sourcecode.c.h; path = TransformationMatrix.h; sourceTree = "<group>"; };
		3AA37CB41DC34C6500F6DCAF /* UnitBezier.h */ = {isa = PBXFileReference; fileEncoding = 4; lastKnownFileType = sourcecode.c.h; path = UnitBezier.h; sourceTree = "<group>"; };
		AD0757F38DC503B365D02D7F /* Pods_MGDYZB.framework */ = {isa = PBXFileReference; explicitFileType = wrapper.framework; includeInIndex = 0; path = Pods_MGDYZB.framework; sourceTree = BUILT_PRODUCTS_DIR; };
		DE344E7ADEB9334137FC71DE /* Pods-MGDYZB.release.xcconfig */ = {isa = PBXFileReference; includeInIndex = 1; lastKnownFileType = text.xcconfig; name = "Pods-MGDYZB.release.xcconfig"; path = "Pods/Target Support Files/Pods-MGDYZB/Pods-MGDYZB.release.xcconfig"; sourceTree = "<group>"; };
/* End PBXFileReference section */

/* Begin PBXFrameworksBuildPhase section */
		3A9779B31DBF7C3F00C79CE6 /* Frameworks */ = {
			isa = PBXFrameworksBuildPhase;
			buildActionMask = 2147483647;
			files = (
				135A8CD267E89AA418B8C6F3 /* Pods_MGDYZB.framework in Frameworks */,
			);
			runOnlyForDeploymentPostprocessing = 0;
		};
/* End PBXFrameworksBuildPhase section */

/* Begin PBXGroup section */
		3A01C1B41DC31948000C05DD /* ScrollToTop */ = {
			isa = PBXGroup;
			children = (
				3A01C1B71DC31948000C05DD /* UIView+LYMExtension.h */,
				3A01C1B81DC31948000C05DD /* UIView+LYMExtension.m */,
			);
			path = ScrollToTop;
			sourceTree = "<group>";
		};
		3A294EF61DC0986E000EE406 /* Other */ = {
			isa = PBXGroup;
			children = (
				3AA37C801DC34C6500F6DCAF /* pop */,
				3AA37C781DC341AA00F6DCAF /* DeformationButton */,
				3A01C1B41DC31948000C05DD /* ScrollToTop */,
				3A294EF71DC0986E000EE406 /* XRCarouselView */,
			);
			path = Other;
			sourceTree = "<group>";
		};
		3A294EF71DC0986E000EE406 /* XRCarouselView */ = {
			isa = PBXGroup;
			children = (
				3A294EF81DC0986E000EE406 /* placeholder.png */,
				3A294EF91DC0986E000EE406 /* XRCarouselView.h */,
				3A294EFA1DC0986E000EE406 /* XRCarouselView.m */,
			);
			path = XRCarouselView;
			sourceTree = "<group>";
		};
		3A9779AD1DBF7C3F00C79CE6 = {
			isa = PBXGroup;
			children = (
				3A9779B81DBF7C3F00C79CE6 /* MGDYZB */,
				3A9779B71DBF7C3F00C79CE6 /* Products */,
				C8887910138800F5B8453747 /* Pods */,
				880AB3196EBBADA7FE12DDAB /* Frameworks */,
			);
			sourceTree = "<group>";
		};
		3A9779B71DBF7C3F00C79CE6 /* Products */ = {
			isa = PBXGroup;
			children = (
				3A9779B61DBF7C3F00C79CE6 /* MGDYZB.app */,
			);
			name = Products;
			sourceTree = "<group>";
		};
		3A9779B81DBF7C3F00C79CE6 /* MGDYZB */ = {
			isa = PBXGroup;
			children = (
				3A9779B91DBF7C3F00C79CE6 /* AppDelegate.swift */,
				3A9779CB1DBF7EA200C79CE6 /* Class */,
				3A9779C01DBF7C4000C79CE6 /* Assets.xcassets */,
				3A9779C51DBF7C4000C79CE6 /* Info.plist */,
				3A294EF51DC097A4000EE406 /* Bridge.h */,
			);
			path = MGDYZB;
			sourceTree = "<group>";
		};
		3A9779CB1DBF7EA200C79CE6 /* Class */ = {
			isa = PBXGroup;
			children = (
				3A9779D11DBF7EA200C79CE6 /* Main */,
				3A9779D61DBF7EA200C79CE6 /* Room */,
				3A9779CC1DBF7EA200C79CE6 /* Home */,
				3A9779E51DBF7FC300C79CE6 /* Live */,
				3A9779E01DBF7FC300C79CE6 /* Follow */,
				3A9779EA1DBF7FC300C79CE6 /* Profile */,
				3A9779DB1DBF7EA200C79CE6 /* Tools */,
				3A294EF61DC0986E000EE406 /* Other */,
			);
			path = Class;
			sourceTree = "<group>";
		};
		3A9779CC1DBF7EA200C79CE6 /* Home */ = {
			isa = PBXGroup;
			children = (
				3A9779CD1DBF7EA200C79CE6 /* Controller */,
				3A9779CE1DBF7EA200C79CE6 /* Model */,
				3A9779CF1DBF7EA200C79CE6 /* View */,
				3A9779D01DBF7EA200C79CE6 /* ViewModel */,
			);
			path = Home;
			sourceTree = "<group>";
		};
		3A9779CD1DBF7EA200C79CE6 /* Controller */ = {
			isa = PBXGroup;
			children = (
				3A9779EB1DBF802E00C79CE6 /* HomeViewController.swift */,
				3A9779FA1DBFA45200C79CE6 /* RecommendViewController.swift */,
				3A9779FC1DBFA46300C79CE6 /* GameViewController.swift */,
				3A9779FE1DBFA47300C79CE6 /* AmuseViewController.swift */,
				3A977A001DBFA48300C79CE6 /* FunnyViewController.swift */,
			);
			path = Controller;
			sourceTree = "<group>";
		};
		3A9779CE1DBF7EA200C79CE6 /* Model */ = {
			isa = PBXGroup;
			children = (
				3A0367971DC06E8E00F02FBA /* BaseGameModel.swift */,
				3A0367931DC06D8B00F02FBA /* AnchorGroup.swift */,
				3A0367951DC06DC100F02FBA /* AnchorModel.swift */,
				3A294F141DC0A08F000EE406 /* CycleModel.swift */,
				3A122BCA1DC0EB0400285A40 /* GameModel.swift */,
			);
			path = Model;
			sourceTree = "<group>";
		};
		3A9779CF1DBF7EA200C79CE6 /* View */ = {
			isa = PBXGroup;
			children = (
				3A9779F61DBF9F2E00C79CE6 /* HomeTitlesView.swift */,
				3A9779F81DBFA35B00C79CE6 /* HomeContentView.swift */,
				3A0BAAD91DC057D000FF1C53 /* CollectionHeaderView.swift */,
				3A294EFD1DC09964000EE406 /* RecommendCycleView.swift */,
				3A294F161DC0A580000EE406 /* RecommendGameView.swift */,
				3A294F181DC0A751000EE406 /* CollectionGameCell.swift */,
				3A294F191DC0A751000EE406 /* CollectionGameCell.xib */,
				3A0BAADA1DC057D000FF1C53 /* CollectionHeaderView.xib */,
				3A03679D1DC078E100F02FBA /* CollectionBaseCell.swift */,
				3A03679F1DC0792400F02FBA /* CollectionNormalCell.swift */,
				3A0367A01DC0792400F02FBA /* CollectionNormalCell.xib */,
				3A0367A31DC0793D00F02FBA /* CollectionPrettyCell.swift */,
				3A0367A41DC0793D00F02FBA /* CollectionPrettyCell.xib */,
			);
			path = View;
			sourceTree = "<group>";
		};
		3A9779D01DBF7EA200C79CE6 /* ViewModel */ = {
			isa = PBXGroup;
			children = (
				3A0367991DC072A100F02FBA /* RecommendViewModel.swift */,
				3A03679B1DC0739800F02FBA /* BaseViewModel.swift */,
				3A122BC81DC0EAA000285A40 /* GameViewModel.swift */,
				3A122BCE1DC0F71F00285A40 /* FunnyViewModel.swift */,
				3A122BD01DC0FA8A00285A40 /* AmuseViewModel.swift */,
			);
			path = ViewModel;
			sourceTree = "<group>";
		};
		3A9779D11DBF7EA200C79CE6 /* Main */ = {
			isa = PBXGroup;
			children = (
				3A9779D21DBF7EA200C79CE6 /* Controller */,
				3A9779D31DBF7EA200C79CE6 /* Model */,
				3A9779D41DBF7EA200C79CE6 /* View */,
				3A9779D51DBF7EA200C79CE6 /* ViewModel */,
			);
			path = Main;
			sourceTree = "<group>";
		};
		3A9779D21DBF7EA200C79CE6 /* Controller */ = {
			isa = PBXGroup;
			children = (
				3A9779DC1DBF7ED100C79CE6 /* MGTabBarController.swift */,
				3A9779DE1DBF7EF100C79CE6 /* MGNavController.swift */,
				3A122BCC1DC0EF8A00285A40 /* BaseViewController.swift */,
			);
			path = Controller;
			sourceTree = "<group>";
		};
		3A9779D31DBF7EA200C79CE6 /* Model */ = {
			isa = PBXGroup;
			children = (
			);
			path = Model;
			sourceTree = "<group>";
		};
		3A9779D41DBF7EA200C79CE6 /* View */ = {
			isa = PBXGroup;
			children = (
				3A28E4681DC21224002B7C42 /* MGScrollTopWindow.swift */,
				3A01C1BD1DC33CE8000C05DD /* GuardScrollView.swift */,
			);
			path = View;
			sourceTree = "<group>";
		};
		3A9779D51DBF7EA200C79CE6 /* ViewModel */ = {
			isa = PBXGroup;
			children = (
			);
			path = ViewModel;
			sourceTree = "<group>";
		};
		3A9779D61DBF7EA200C79CE6 /* Room */ = {
			isa = PBXGroup;
			children = (
				3A9779D71DBF7EA200C79CE6 /* Controller */,
				3A9779D81DBF7EA200C79CE6 /* Model */,
				3A9779D91DBF7EA200C79CE6 /* View */,
				3A9779DA1DBF7EA200C79CE6 /* ViewModel */,
			);
			path = Room;
			sourceTree = "<group>";
		};
		3A9779D71DBF7EA200C79CE6 /* Controller */ = {
			isa = PBXGroup;
			children = (
			);
			path = Controller;
			sourceTree = "<group>";
		};
		3A9779D81DBF7EA200C79CE6 /* Model */ = {
			isa = PBXGroup;
			children = (
			);
			path = Model;
			sourceTree = "<group>";
		};
		3A9779D91DBF7EA200C79CE6 /* View */ = {
			isa = PBXGroup;
			children = (
			);
			path = View;
			sourceTree = "<group>";
		};
		3A9779DA1DBF7EA200C79CE6 /* ViewModel */ = {
			isa = PBXGroup;
			children = (
			);
			path = ViewModel;
			sourceTree = "<group>";
		};
		3A9779DB1DBF7EA200C79CE6 /* Tools */ = {
			isa = PBXGroup;
			children = (
				3A9779ED1DBF857700C79CE6 /* Category */,
				3A9779F41DBF904B00C79CE6 /* Common.swift */,
				3A0367911DC066FC00F02FBA /* NetworkTools.swift */,
				3A01C1BB1DC339CF000C05DD /* SaveTools.swift */,
			);
			path = Tools;
			sourceTree = "<group>";
		};
		3A9779E01DBF7FC300C79CE6 /* Follow */ = {
			isa = PBXGroup;
			children = (
				3A9779E11DBF7FC300C79CE6 /* Controller */,
				3A9779E21DBF7FC300C79CE6 /* Model */,
				3A9779E31DBF7FC300C79CE6 /* View */,
				3A9779E41DBF7FC300C79CE6 /* ViewModel */,
			);
			path = Follow;
			sourceTree = "<group>";
		};
		3A9779E11DBF7FC300C79CE6 /* Controller */ = {
			isa = PBXGroup;
			children = (
			);
			path = Controller;
			sourceTree = "<group>";
		};
		3A9779E21DBF7FC300C79CE6 /* Model */ = {
			isa = PBXGroup;
			children = (
			);
			path = Model;
			sourceTree = "<group>";
		};
		3A9779E31DBF7FC300C79CE6 /* View */ = {
			isa = PBXGroup;
			children = (
			);
			path = View;
			sourceTree = "<group>";
		};
		3A9779E41DBF7FC300C79CE6 /* ViewModel */ = {
			isa = PBXGroup;
			children = (
			);
			path = ViewModel;
			sourceTree = "<group>";
		};
		3A9779E51DBF7FC300C79CE6 /* Live */ = {
			isa = PBXGroup;
			children = (
				3A9779E61DBF7FC300C79CE6 /* Controller */,
				3A9779E71DBF7FC300C79CE6 /* Model */,
				3A9779E81DBF7FC300C79CE6 /* View */,
				3A9779E91DBF7FC300C79CE6 /* ViewModel */,
			);
			path = Live;
			sourceTree = "<group>";
		};
		3A9779E61DBF7FC300C79CE6 /* Controller */ = {
			isa = PBXGroup;
			children = (
			);
			path = Controller;
			sourceTree = "<group>";
		};
		3A9779E71DBF7FC300C79CE6 /* Model */ = {
			isa = PBXGroup;
			children = (
			);
			path = Model;
			sourceTree = "<group>";
		};
		3A9779E81DBF7FC300C79CE6 /* View */ = {
			isa = PBXGroup;
			children = (
			);
			path = View;
			sourceTree = "<group>";
		};
		3A9779E91DBF7FC300C79CE6 /* ViewModel */ = {
			isa = PBXGroup;
			children = (
			);
			path = ViewModel;
			sourceTree = "<group>";
		};
		3A9779EA1DBF7FC300C79CE6 /* Profile */ = {
			isa = PBXGroup;
			children = (
			);
			path = Profile;
			sourceTree = "<group>";
		};
		3A9779ED1DBF857700C79CE6 /* Category */ = {
			isa = PBXGroup;
			children = (
				3A9779EE1DBF85D300C79CE6 /* ColorExtesion.swift */,
				3A122BC61DC0B90F00285A40 /* UIBarButtonItem-Extension.swift */,
			);
			path = Category;
			sourceTree = "<group>";
		};
		3AA37C781DC341AA00F6DCAF /* DeformationButton */ = {
			isa = PBXGroup;
			children = (
				3AA37C791DC341AA00F6DCAF /* DeformationButton.h */,
				3AA37C7A1DC341AA00F6DCAF /* DeformationButton.m */,
				3AA37C7B1DC341AA00F6DCAF /* MMMaterialDesignSpinner-master */,
			);
			path = DeformationButton;
			sourceTree = "<group>";
		};
		3AA37C7B1DC341AA00F6DCAF /* MMMaterialDesignSpinner-master */ = {
			isa = PBXGroup;
			children = (
				3AA37C7C1DC341AA00F6DCAF /* MMMaterialDesignSpinner.h */,
				3AA37C7D1DC341AA00F6DCAF /* MMMaterialDesignSpinner.m */,
			);
			path = "MMMaterialDesignSpinner-master";
			sourceTree = "<group>";
		};
		3AA37C801DC34C6500F6DCAF /* pop */ = {
			isa = PBXGroup;
			children = (
				3AA37C811DC34C6500F6DCAF /* POP.h */,
				3AA37C821DC34C6500F6DCAF /* POPAction.h */,
				3AA37C831DC34C6500F6DCAF /* POPAnimatableProperty.h */,
				3AA37C841DC34C6500F6DCAF /* POPAnimatableProperty.mm */,
				3AA37C851DC34C6500F6DCAF /* POPAnimation.h */,
				3AA37C861DC34C6500F6DCAF /* POPAnimation.mm */,
				3AA37C871DC34C6500F6DCAF /* POPAnimationEvent.h */,
				3AA37C881DC34C6500F6DCAF /* POPAnimationEvent.mm */,
				3AA37C891DC34C6500F6DCAF /* POPAnimationEventInternal.h */,
				3AA37C8A1DC34C6500F6DCAF /* POPAnimationExtras.h */,
				3AA37C8B1DC34C6500F6DCAF /* POPAnimationExtras.mm */,
				3AA37C8C1DC34C6500F6DCAF /* POPAnimationInternal.h */,
				3AA37C8D1DC34C6500F6DCAF /* POPAnimationPrivate.h */,
				3AA37C8E1DC34C6500F6DCAF /* POPAnimationRuntime.h */,
				3AA37C8F1DC34C6500F6DCAF /* POPAnimationRuntime.mm */,
				3AA37C901DC34C6500F6DCAF /* POPAnimationTracer.h */,
				3AA37C911DC34C6500F6DCAF /* POPAnimationTracer.mm */,
				3AA37C921DC34C6500F6DCAF /* POPAnimationTracerInternal.h */,
				3AA37C931DC34C6500F6DCAF /* POPAnimator.h */,
				3AA37C941DC34C6500F6DCAF /* POPAnimator.mm */,
				3AA37C951DC34C6500F6DCAF /* POPAnimatorPrivate.h */,
				3AA37C961DC34C6500F6DCAF /* POPBasicAnimation.h */,
				3AA37C971DC34C6500F6DCAF /* POPBasicAnimation.mm */,
				3AA37C981DC34C6500F6DCAF /* POPBasicAnimationInternal.h */,
				3AA37C991DC34C6500F6DCAF /* POPCGUtils.h */,
				3AA37C9A1DC34C6500F6DCAF /* POPCGUtils.mm */,
				3AA37C9B1DC34C6500F6DCAF /* POPCustomAnimation.h */,
				3AA37C9C1DC34C6500F6DCAF /* POPCustomAnimation.mm */,
				3AA37C9D1DC34C6500F6DCAF /* POPDecayAnimation.h */,
				3AA37C9E1DC34C6500F6DCAF /* POPDecayAnimation.mm */,
				3AA37C9F1DC34C6500F6DCAF /* POPDecayAnimationInternal.h */,
				3AA37CA01DC34C6500F6DCAF /* POPDefines.h */,
				3AA37CA11DC34C6500F6DCAF /* POPGeometry.h */,
				3AA37CA21DC34C6500F6DCAF /* POPGeometry.mm */,
				3AA37CA31DC34C6500F6DCAF /* POPLayerExtras.h */,
				3AA37CA41DC34C6500F6DCAF /* POPLayerExtras.mm */,
				3AA37CA51DC34C6500F6DCAF /* POPMath.h */,
				3AA37CA61DC34C6500F6DCAF /* POPMath.mm */,
				3AA37CA71DC34C6500F6DCAF /* POPPropertyAnimation.h */,
				3AA37CA81DC34C6500F6DCAF /* POPPropertyAnimation.mm */,
				3AA37CA91DC34C6500F6DCAF /* POPPropertyAnimationInternal.h */,
				3AA37CAA1DC34C6500F6DCAF /* POPSpringAnimation.h */,
				3AA37CAB1DC34C6500F6DCAF /* POPSpringAnimation.mm */,
				3AA37CAC1DC34C6500F6DCAF /* POPSpringAnimationInternal.h */,
				3AA37CAD1DC34C6500F6DCAF /* POPSpringSolver.h */,
				3AA37CAE1DC34C6500F6DCAF /* POPVector.h */,
				3AA37CAF1DC34C6500F6DCAF /* POPVector.mm */,
				3AA37CB01DC34C6500F6DCAF /* WebCore */,
			);
			path = pop;
			sourceTree = "<group>";
		};
		3AA37CB01DC34C6500F6DCAF /* WebCore */ = {
			isa = PBXGroup;
			children = (
				3AA37CB11DC34C6500F6DCAF /* FloatConversion.h */,
				3AA37CB21DC34C6500F6DCAF /* TransformationMatrix.cpp */,
				3AA37CB31DC34C6500F6DCAF /* TransformationMatrix.h */,
				3AA37CB41DC34C6500F6DCAF /* UnitBezier.h */,
			);
			path = WebCore;
			sourceTree = "<group>";
		};
		880AB3196EBBADA7FE12DDAB /* Frameworks */ = {
			isa = PBXGroup;
			children = (
				AD0757F38DC503B365D02D7F /* Pods_MGDYZB.framework */,
			);
			name = Frameworks;
			sourceTree = "<group>";
		};
		C8887910138800F5B8453747 /* Pods */ = {
			isa = PBXGroup;
			children = (
				33AABCF1C5958A4B82B9FAEE /* Pods-MGDYZB.debug.xcconfig */,
				DE344E7ADEB9334137FC71DE /* Pods-MGDYZB.release.xcconfig */,
			);
			name = Pods;
			sourceTree = "<group>";
		};
/* End PBXGroup section */

/* Begin PBXNativeTarget section */
		3A9779B51DBF7C3F00C79CE6 /* MGDYZB */ = {
			isa = PBXNativeTarget;
			buildConfigurationList = 3A9779C81DBF7C4000C79CE6 /* Build configuration list for PBXNativeTarget "MGDYZB" */;
			buildPhases = (
				7452C6A7633053B506575323 /* Check Pods Manifest.lock */,
				3A9779B21DBF7C3F00C79CE6 /* Sources */,
				3A9779B31DBF7C3F00C79CE6 /* Frameworks */,
				3A9779B41DBF7C3F00C79CE6 /* Resources */,
				D3989FDF9C6A910CE326CCD1 /* Embed Pods Frameworks */,
				8034942576581CD3C7489E34 /* Copy Pods Resources */,
			);
			buildRules = (
			);
			dependencies = (
			);
			name = MGDYZB;
			productName = MGDYZB;
			productReference = 3A9779B61DBF7C3F00C79CE6 /* MGDYZB.app */;
			productType = "com.apple.product-type.application";
		};
/* End PBXNativeTarget section */

/* Begin PBXProject section */
		3A9779AE1DBF7C3F00C79CE6 /* Project object */ = {
			isa = PBXProject;
			attributes = {
				LastUpgradeCheck = 0700;
				ORGANIZATIONNAME = ming;
				TargetAttributes = {
					3A9779B51DBF7C3F00C79CE6 = {
						CreatedOnToolsVersion = 7.0;
						DevelopmentTeam = H54L47S422;
					};
				};
			};
			buildConfigurationList = 3A9779B11DBF7C3F00C79CE6 /* Build configuration list for PBXProject "MGDYZB" */;
			compatibilityVersion = "Xcode 3.2";
			developmentRegion = English;
			hasScannedForEncodings = 0;
			knownRegions = (
				en,
				Base,
			);
			mainGroup = 3A9779AD1DBF7C3F00C79CE6;
			productRefGroup = 3A9779B71DBF7C3F00C79CE6 /* Products */;
			projectDirPath = "";
			projectRoot = "";
			targets = (
				3A9779B51DBF7C3F00C79CE6 /* MGDYZB */,
			);
		};
/* End PBXProject section */

/* Begin PBXResourcesBuildPhase section */
		3A9779B41DBF7C3F00C79CE6 /* Resources */ = {
			isa = PBXResourcesBuildPhase;
			buildActionMask = 2147483647;
			files = (
				3A9779C11DBF7C4000C79CE6 /* Assets.xcassets in Resources */,
				3A0367A61DC0793D00F02FBA /* CollectionPrettyCell.xib in Resources */,
				3A0BAADC1DC057D000FF1C53 /* CollectionHeaderView.xib in Resources */,
				3A294EFB1DC0986E000EE406 /* placeholder.png in Resources */,
				3A0367A21DC0792400F02FBA /* CollectionNormalCell.xib in Resources */,
				3A294F1B1DC0A751000EE406 /* CollectionGameCell.xib in Resources */,
			);
			runOnlyForDeploymentPostprocessing = 0;
		};
/* End PBXResourcesBuildPhase section */

/* Begin PBXShellScriptBuildPhase section */
		7452C6A7633053B506575323 /* Check Pods Manifest.lock */ = {
			isa = PBXShellScriptBuildPhase;
			buildActionMask = 2147483647;
			files = (
			);
			inputPaths = (
			);
			name = "Check Pods Manifest.lock";
			outputPaths = (
			);
			runOnlyForDeploymentPostprocessing = 0;
			shellPath = /bin/sh;
			shellScript = "diff \"${PODS_ROOT}/../Podfile.lock\" \"${PODS_ROOT}/Manifest.lock\" > /dev/null\nif [[ $? != 0 ]] ; then\n    cat << EOM\nerror: The sandbox is not in sync with the Podfile.lock. Run 'pod install' or update your CocoaPods installation.\nEOM\n    exit 1\nfi\n";
			showEnvVarsInLog = 0;
		};
		8034942576581CD3C7489E34 /* Copy Pods Resources */ = {
			isa = PBXShellScriptBuildPhase;
			buildActionMask = 2147483647;
			files = (
			);
			inputPaths = (
			);
			name = "Copy Pods Resources";
			outputPaths = (
			);
			runOnlyForDeploymentPostprocessing = 0;
			shellPath = /bin/sh;
			shellScript = "\"${SRCROOT}/Pods/Target Support Files/Pods-MGDYZB/Pods-MGDYZB-resources.sh\"\n";
			showEnvVarsInLog = 0;
		};
		D3989FDF9C6A910CE326CCD1 /* Embed Pods Frameworks */ = {
			isa = PBXShellScriptBuildPhase;
			buildActionMask = 2147483647;
			files = (
			);
			inputPaths = (
			);
			name = "Embed Pods Frameworks";
			outputPaths = (
			);
			runOnlyForDeploymentPostprocessing = 0;
			shellPath = /bin/sh;
			shellScript = "\"${SRCROOT}/Pods/Target Support Files/Pods-MGDYZB/Pods-MGDYZB-frameworks.sh\"\n";
			showEnvVarsInLog = 0;
		};
/* End PBXShellScriptBuildPhase section */

/* Begin PBXSourcesBuildPhase section */
		3A9779B21DBF7C3F00C79CE6 /* Sources */ = {
			isa = PBXSourcesBuildPhase;
			buildActionMask = 2147483647;
			files = (
				3AA37CC11DC34C6500F6DCAF /* POPLayerExtras.mm in Sources */,
				3A28E4691DC21224002B7C42 /* MGScrollTopWindow.swift in Sources */,
				3AA37CB91DC34C6500F6DCAF /* POPAnimationRuntime.mm in Sources */,
				3A0367921DC066FC00F02FBA /* NetworkTools.swift in Sources */,
				3AA37C7E1DC341AA00F6DCAF /* DeformationButton.m in Sources */,
				3A0367A11DC0792400F02FBA /* CollectionNormalCell.swift in Sources */,
				3AA37CBE1DC34C6500F6DCAF /* POPCustomAnimation.mm in Sources */,
				3A9779FD1DBFA46300C79CE6 /* GameViewController.swift in Sources */,
				3AA37CBB1DC34C6500F6DCAF /* POPAnimator.mm in Sources */,
				3A122BC91DC0EAA100285A40 /* GameViewModel.swift in Sources */,
				3A01C1BA1DC31948000C05DD /* UIView+LYMExtension.m in Sources */,
				3AA37CC31DC34C6500F6DCAF /* POPPropertyAnimation.mm in Sources */,
				3A122BCD1DC0EF8A00285A40 /* BaseViewController.swift in Sources */,
				3A294F151DC0A08F000EE406 /* CycleModel.swift in Sources */,
				3AA37CC51DC34C6500F6DCAF /* POPVector.mm in Sources */,
				3A01C1BE1DC33CE8000C05DD /* GuardScrollView.swift in Sources */,
				3A122BCB1DC0EB0400285A40 /* GameModel.swift in Sources */,
				3AA37CBA1DC34C6500F6DCAF /* POPAnimationTracer.mm in Sources */,
				3AA37CBF1DC34C6500F6DCAF /* POPDecayAnimation.mm in Sources */,
				3A9779F51DBF904B00C79CE6 /* Common.swift in Sources */,
				3A01C1BC1DC339CF000C05DD /* SaveTools.swift in Sources */,
				3A9779F71DBF9F2E00C79CE6 /* HomeTitlesView.swift in Sources */,
				3A122BC71DC0B90F00285A40 /* UIBarButtonItem-Extension.swift in Sources */,
				3A0367A51DC0793D00F02FBA /* CollectionPrettyCell.swift in Sources */,
				3A122BCF1DC0F71F00285A40 /* FunnyViewModel.swift in Sources */,
				3A294EFC1DC0986E000EE406 /* XRCarouselView.m in Sources */,
				3A122BD11DC0FA8A00285A40 /* AmuseViewModel.swift in Sources */,
				3A9779FB1DBFA45200C79CE6 /* RecommendViewController.swift in Sources */,
				3AA37CBC1DC34C6500F6DCAF /* POPBasicAnimation.mm in Sources */,
				3A294EFE1DC09964000EE406 /* RecommendCycleView.swift in Sources */,
				3A0367981DC06E8E00F02FBA /* BaseGameModel.swift in Sources */,
				3A9779BA1DBF7C3F00C79CE6 /* AppDelegate.swift in Sources */,
				3A03679A1DC072A100F02FBA /* RecommendViewModel.swift in Sources */,
				3A9779EF1DBF85D300C79CE6 /* ColorExtesion.swift in Sources */,
				3A294F1A1DC0A751000EE406 /* CollectionGameCell.swift in Sources */,
				3A9779DF1DBF7EF100C79CE6 /* MGNavController.swift in Sources */,
				3A03679E1DC078E100F02FBA /* CollectionBaseCell.swift in Sources */,
				3A0367961DC06DC100F02FBA /* AnchorModel.swift in Sources */,
				3A0BAADB1DC057D000FF1C53 /* CollectionHeaderView.swift in Sources */,
				3A9779DD1DBF7ED100C79CE6 /* MGTabBarController.swift in Sources */,
				3AA37C7F1DC341AA00F6DCAF /* MMMaterialDesignSpinner.m in Sources */,
				3A294F171DC0A580000EE406 /* RecommendGameView.swift in Sources */,
				3A9779EC1DBF802E00C79CE6 /* HomeViewController.swift in Sources */,
				3AA37CC61DC34C6500F6DCAF /* TransformationMatrix.cpp in Sources */,
				3AA37CB51DC34C6500F6DCAF /* POPAnimatableProperty.mm in Sources */,
				3AA37CC21DC34C6500F6DCAF /* POPMath.mm in Sources */,
				3A03679C1DC0739800F02FBA /* BaseViewModel.swift in Sources */,
				3A9779FF1DBFA47300C79CE6 /* AmuseViewController.swift in Sources */,
				3AA37CC41DC34C6500F6DCAF /* POPSpringAnimation.mm in Sources */,
				3A0367941DC06D8B00F02FBA /* AnchorGroup.swift in Sources */,
				3AA37CB61DC34C6500F6DCAF /* POPAnimation.mm in Sources */,
				3AA37CB81DC34C6500F6DCAF /* POPAnimationExtras.mm in Sources */,
				3AA37CB71DC34C6500F6DCAF /* POPAnimationEvent.mm in Sources */,
				3AA37CC01DC34C6500F6DCAF /* POPGeometry.mm in Sources */,
				3A9779F91DBFA35B00C79CE6 /* HomeContentView.swift in Sources */,
				3A977A011DBFA48300C79CE6 /* FunnyViewController.swift in Sources */,
				3AA37CBD1DC34C6500F6DCAF /* POPCGUtils.mm in Sources */,
			);
			runOnlyForDeploymentPostprocessing = 0;
		};
/* End PBXSourcesBuildPhase section */

/* Begin XCBuildConfiguration section */
		3A9779C61DBF7C4000C79CE6 /* Debug */ = {
			isa = XCBuildConfiguration;
			buildSettings = {
				ALWAYS_SEARCH_USER_PATHS = NO;
				CLANG_CXX_LANGUAGE_STANDARD = "gnu++0x";
				CLANG_CXX_LIBRARY = "libc++";
				CLANG_ENABLE_MODULES = YES;
				CLANG_ENABLE_OBJC_ARC = YES;
				CLANG_WARN_BOOL_CONVERSION = YES;
				CLANG_WARN_CONSTANT_CONVERSION = YES;
				CLANG_WARN_DIRECT_OBJC_ISA_USAGE = YES_ERROR;
				CLANG_WARN_EMPTY_BODY = YES;
				CLANG_WARN_ENUM_CONVERSION = YES;
				CLANG_WARN_INT_CONVERSION = YES;
				CLANG_WARN_OBJC_ROOT_CLASS = YES_ERROR;
				CLANG_WARN_UNREACHABLE_CODE = YES;
				CLANG_WARN__DUPLICATE_METHOD_MATCH = YES;
				"CODE_SIGN_IDENTITY[sdk=iphoneos*]" = "iPhone Developer";
				COPY_PHASE_STRIP = NO;
				DEBUG_INFORMATION_FORMAT = dwarf;
				ENABLE_STRICT_OBJC_MSGSEND = YES;
				ENABLE_TESTABILITY = YES;
				GCC_C_LANGUAGE_STANDARD = gnu99;
				GCC_DYNAMIC_NO_PIC = NO;
				GCC_NO_COMMON_BLOCKS = YES;
				GCC_OPTIMIZATION_LEVEL = 0;
				GCC_PREPROCESSOR_DEFINITIONS = (
					"DEBUG=1",
					"$(inherited)",
				);
				GCC_WARN_64_TO_32_BIT_CONVERSION = YES;
				GCC_WARN_ABOUT_RETURN_TYPE = YES_ERROR;
				GCC_WARN_UNDECLARED_SELECTOR = YES;
				GCC_WARN_UNINITIALIZED_AUTOS = YES_AGGRESSIVE;
				GCC_WARN_UNUSED_FUNCTION = YES;
				GCC_WARN_UNUSED_VARIABLE = YES;
				IPHONEOS_DEPLOYMENT_TARGET = 9.0;
				MTL_ENABLE_DEBUG_INFO = YES;
				ONLY_ACTIVE_ARCH = YES;
				SDKROOT = iphoneos;
				SWIFT_OPTIMIZATION_LEVEL = "-Onone";
			};
			name = Debug;
		};
		3A9779C71DBF7C4000C79CE6 /* Release */ = {
			isa = XCBuildConfiguration;
			buildSettings = {
				ALWAYS_SEARCH_USER_PATHS = NO;
				CLANG_CXX_LANGUAGE_STANDARD = "gnu++0x";
				CLANG_CXX_LIBRARY = "libc++";
				CLANG_ENABLE_MODULES = YES;
				CLANG_ENABLE_OBJC_ARC = YES;
				CLANG_WARN_BOOL_CONVERSION = YES;
				CLANG_WARN_CONSTANT_CONVERSION = YES;
				CLANG_WARN_DIRECT_OBJC_ISA_USAGE = YES_ERROR;
				CLANG_WARN_EMPTY_BODY = YES;
				CLANG_WARN_ENUM_CONVERSION = YES;
				CLANG_WARN_INT_CONVERSION = YES;
				CLANG_WARN_OBJC_ROOT_CLASS = YES_ERROR;
				CLANG_WARN_UNREACHABLE_CODE = YES;
				CLANG_WARN__DUPLICATE_METHOD_MATCH = YES;
				"CODE_SIGN_IDENTITY[sdk=iphoneos*]" = "iPhone Developer";
				COPY_PHASE_STRIP = NO;
				DEBUG_INFORMATION_FORMAT = "dwarf-with-dsym";
				ENABLE_NS_ASSERTIONS = NO;
				ENABLE_STRICT_OBJC_MSGSEND = YES;
				GCC_C_LANGUAGE_STANDARD = gnu99;
				GCC_NO_COMMON_BLOCKS = YES;
				GCC_WARN_64_TO_32_BIT_CONVERSION = YES;
				GCC_WARN_ABOUT_RETURN_TYPE = YES_ERROR;
				GCC_WARN_UNDECLARED_SELECTOR = YES;
				GCC_WARN_UNINITIALIZED_AUTOS = YES_AGGRESSIVE;
				GCC_WARN_UNUSED_FUNCTION = YES;
				GCC_WARN_UNUSED_VARIABLE = YES;
				IPHONEOS_DEPLOYMENT_TARGET = 9.0;
				MTL_ENABLE_DEBUG_INFO = NO;
				SDKROOT = iphoneos;
				VALIDATE_PRODUCT = YES;
			};
			name = Release;
		};
		3A9779C91DBF7C4000C79CE6 /* Debug */ = {
			isa = XCBuildConfiguration;
			baseConfigurationReference = 33AABCF1C5958A4B82B9FAEE /* Pods-MGDYZB.debug.xcconfig */;
			buildSettings = {
				ASSETCATALOG_COMPILER_APPICON_NAME = AppIcon;
				ASSETCATALOG_COMPILER_LAUNCHIMAGE_NAME = BrandAssets;
				CODE_SIGN_IDENTITY = "iPhone Developer";
				"CODE_SIGN_IDENTITY[sdk=iphoneos*]" = "iPhone Developer";
				INFOPLIST_FILE = MGDYZB/Info.plist;
				IPHONEOS_DEPLOYMENT_TARGET = 8.3;
				LD_RUNPATH_SEARCH_PATHS = "$(inherited) @executable_path/Frameworks";
				PRODUCT_BUNDLE_IDENTIFIER = com.ming.MGDYZB;
				PRODUCT_NAME = "$(TARGET_NAME)";
				PROVISIONING_PROFILE = "";
				SWIFT_OBJC_BRIDGING_HEADER = $SRCROOT/MGDYZB/Bridge.h;
			};
			name = Debug;
		};
		3A9779CA1DBF7C4000C79CE6 /* Release */ = {
			isa = XCBuildConfiguration;
			baseConfigurationReference = DE344E7ADEB9334137FC71DE /* Pods-MGDYZB.release.xcconfig */;
			buildSettings = {
				ASSETCATALOG_COMPILER_APPICON_NAME = AppIcon;
				ASSETCATALOG_COMPILER_LAUNCHIMAGE_NAME = BrandAssets;
				CODE_SIGN_IDENTITY = "iPhone Developer";
				"CODE_SIGN_IDENTITY[sdk=iphoneos*]" = "iPhone Developer";
				INFOPLIST_FILE = MGDYZB/Info.plist;
				IPHONEOS_DEPLOYMENT_TARGET = 8.3;
				LD_RUNPATH_SEARCH_PATHS = "$(inherited) @executable_path/Frameworks";
				PRODUCT_BUNDLE_IDENTIFIER = com.ming.MGDYZB;
				PRODUCT_NAME = "$(TARGET_NAME)";
				PROVISIONING_PROFILE = "";
				SWIFT_OBJC_BRIDGING_HEADER = $SRCROOT/MGDYZB/Bridge.h;
			};
			name = Release;
		};
/* End XCBuildConfiguration section */

/* Begin XCConfigurationList section */
		3A9779B11DBF7C3F00C79CE6 /* Build configuration list for PBXProject "MGDYZB" */ = {
			isa = XCConfigurationList;
			buildConfigurations = (
				3A9779C61DBF7C4000C79CE6 /* Debug */,
				3A9779C71DBF7C4000C79CE6 /* Release */,
			);
			defaultConfigurationIsVisible = 0;
			defaultConfigurationName = Release;
		};
		3A9779C81DBF7C4000C79CE6 /* Build configuration list for PBXNativeTarget "MGDYZB" */ = {
			isa = XCConfigurationList;
			buildConfigurations = (
				3A9779C91DBF7C4000C79CE6 /* Debug */,
				3A9779CA1DBF7C4000C79CE6 /* Release */,
			);
			defaultConfigurationIsVisible = 0;
			defaultConfigurationName = Release;
		};
/* End XCConfigurationList section */
	};
	rootObject = 3A9779AE1DBF7C3F00C79CE6 /* Project object */;
}
