// !$*UTF8*$!
{
	archiveVersion = 1;
	classes = {
	};
	objectVersion = 46;
	objects = {

/* Begin PBXBuildFile section */
		3A303A3B1D0A3F6D0047BE42 /* MGNavigationController.swift in Sources */ = {isa = PBXBuildFile; fileRef = 3A303A3A1D0A3F6D0047BE42 /* MGNavigationController.swift */; settings = {ASSET_TAGS = (); }; };
		3A303A3E1D0AB3ED0047BE42 /* MGLoginController.swift in Sources */ = {isa = PBXBuildFile; fileRef = 3A303A3D1D0AB3ED0047BE42 /* MGLoginController.swift */; settings = {ASSET_TAGS = (); }; };
		3A303A431D0AB7490047BE42 /* MGHomeTableController.swift in Sources */ = {isa = PBXBuildFile; fileRef = 3A303A411D0AB7490047BE42 /* MGHomeTableController.swift */; settings = {ASSET_TAGS = (); }; };
		3A303A451D0AB7A50047BE42 /* MGHomeArticleCell.swift in Sources */ = {isa = PBXBuildFile; fileRef = 3A303A441D0AB7A50047BE42 /* MGHomeArticleCell.swift */; settings = {ASSET_TAGS = (); }; };
		3A303A471D0AB8550047BE42 /* MGBlurView.swift in Sources */ = {isa = PBXBuildFile; fileRef = 3A303A461D0AB8550047BE42 /* MGBlurView.swift */; settings = {ASSET_TAGS = (); }; };
		3A303A491D0AB9840047BE42 /* MGTitleBtn.swift in Sources */ = {isa = PBXBuildFile; fileRef = 3A303A481D0AB9840047BE42 /* MGTitleBtn.swift */; settings = {ASSET_TAGS = (); }; };
		3A303A4B1D0AB9B90047BE42 /* MGToolBottomView.swift in Sources */ = {isa = PBXBuildFile; fileRef = 3A303A4A1D0AB9B90047BE42 /* MGToolBottomView.swift */; settings = {ASSET_TAGS = (); }; };
		3AFFF9C01D0AA8D200641EA9 /* AppDelegate.swift in Sources */ = {isa = PBXBuildFile; fileRef = 3AFFF9BF1D0AA8D200641EA9 /* AppDelegate.swift */; };
		3AFFF9C51D0AA8D200641EA9 /* Main.storyboard in Resources */ = {isa = PBXBuildFile; fileRef = 3AFFF9C31D0AA8D200641EA9 /* Main.storyboard */; };
		3AFFF9C81D0AA8D200641EA9 /* MGHuaTian.xcdatamodeld in Sources */ = {isa = PBXBuildFile; fileRef = 3AFFF9C61D0AA8D200641EA9 /* MGHuaTian.xcdatamodeld */; };
		3AFFF9CA1D0AA8D200641EA9 /* Assets.xcassets in Resources */ = {isa = PBXBuildFile; fileRef = 3AFFF9C91D0AA8D200641EA9 /* Assets.xcassets */; };
		3AFFF9CD1D0AA8D200641EA9 /* LaunchScreen.storyboard in Resources */ = {isa = PBXBuildFile; fileRef = 3AFFF9CB1D0AA8D200641EA9 /* LaunchScreen.storyboard */; };
		3AFFF9E71D0AA9FE00641EA9 /* CODE BOLD.OTF in Resources */ = {isa = PBXBuildFile; fileRef = 3AFFF9DC1D0AA9FE00641EA9 /* CODE BOLD.OTF */; settings = {ASSET_TAGS = (); }; };
		3AFFF9E81D0AA9FE00641EA9 /* CODE LIGHT.OTF in Resources */ = {isa = PBXBuildFile; fileRef = 3AFFF9DD1D0AA9FE00641EA9 /* CODE LIGHT.OTF */; settings = {ASSET_TAGS = (); }; };
		3AFFF9E91D0AA9FE00641EA9 /* FZXQJW_0.TTF in Resources */ = {isa = PBXBuildFile; fileRef = 3AFFF9DE1D0AA9FE00641EA9 /* FZXQJW_0.TTF */; settings = {ASSET_TAGS = (); }; };
		3AFFF9EA1D0AA9FE00641EA9 /* 方正兰亭纤黑简体.TTF in Resources */ = {isa = PBXBuildFile; fileRef = 3AFFF9DF1D0AA9FE00641EA9 /* 方正兰亭纤黑简体.TTF */; settings = {ASSET_TAGS = (); }; };
		3AFFF9EB1D0AA9FE00641EA9 /* image.js in Resources */ = {isa = PBXBuildFile; fileRef = 3AFFF9E11D0AA9FE00641EA9 /* image.js */; settings = {ASSET_TAGS = (); }; };
		3AFFF9EC1D0AA9FE00641EA9 /* area.plist in Resources */ = {isa = PBXBuildFile; fileRef = 3AFFF9E31D0AA9FE00641EA9 /* area.plist */; settings = {ASSET_TAGS = (); }; };
		3AFFF9ED1D0AA9FE00641EA9 /* city.plist in Resources */ = {isa = PBXBuildFile; fileRef = 3AFFF9E41D0AA9FE00641EA9 /* city.plist */; settings = {ASSET_TAGS = (); }; };
		3AFFF9EE1D0AA9FE00641EA9 /* country.plist in Resources */ = {isa = PBXBuildFile; fileRef = 3AFFF9E51D0AA9FE00641EA9 /* country.plist */; settings = {ASSET_TAGS = (); }; };
		3AFFF9F01D0AAC2100641EA9 /* MGTabBarController.swift in Sources */ = {isa = PBXBuildFile; fileRef = 3AFFF9EF1D0AAC2100641EA9 /* MGTabBarController.swift */; settings = {ASSET_TAGS = (); }; };
		3AFFF9F21D0AAD1900641EA9 /* MGMallsTableController.swift in Sources */ = {isa = PBXBuildFile; fileRef = 3AFFF9F11D0AAD1900641EA9 /* MGMallsTableController.swift */; settings = {ASSET_TAGS = (); }; };
		3AFFF9F61D0AAD8B00641EA9 /* MGColumnistViewController.swift in Sources */ = {isa = PBXBuildFile; fileRef = 3AFFF9F51D0AAD8B00641EA9 /* MGColumnistViewController.swift */; settings = {ASSET_TAGS = (); }; };
		992731A486D2BD1134958EB2 /* Pods_MGHuaTian.framework in Frameworks */ = {isa = PBXBuildFile; fileRef = D42510CF9EE35906AF659010 /* Pods_MGHuaTian.framework */; };
/* End PBXBuildFile section */

/* Begin PBXFileReference section */
		3A303A3A1D0A3F6D0047BE42 /* MGNavigationController.swift */ = {isa = PBXFileReference; fileEncoding = 4; lastKnownFileType = sourcecode.swift; path = MGNavigationController.swift; sourceTree = "<group>"; };
		3A303A3D1D0AB3ED0047BE42 /* MGLoginController.swift */ = {isa = PBXFileReference; fileEncoding = 4; lastKnownFileType = sourcecode.swift; path = MGLoginController.swift; sourceTree = "<group>"; };
		3A303A411D0AB7490047BE42 /* MGHomeTableController.swift */ = {isa = PBXFileReference; fileEncoding = 4; lastKnownFileType = sourcecode.swift; path = MGHomeTableController.swift; sourceTree = "<group>"; };
		3A303A441D0AB7A50047BE42 /* MGHomeArticleCell.swift */ = {isa = PBXFileReference; fileEncoding = 4; lastKnownFileType = sourcecode.swift; path = MGHomeArticleCell.swift; sourceTree = "<group>"; };
		3A303A461D0AB8550047BE42 /* MGBlurView.swift */ = {isa = PBXFileReference; fileEncoding = 4; lastKnownFileType = sourcecode.swift; path = MGBlurView.swift; sourceTree = "<group>"; };
		3A303A481D0AB9840047BE42 /* MGTitleBtn.swift */ = {isa = PBXFileReference; fileEncoding = 4; lastKnownFileType = sourcecode.swift; path = MGTitleBtn.swift; sourceTree = "<group>"; };
		3A303A4A1D0AB9B90047BE42 /* MGToolBottomView.swift */ = {isa = PBXFileReference; fileEncoding = 4; lastKnownFileType = sourcecode.swift; path = MGToolBottomView.swift; sourceTree = "<group>"; };
		3AFFF9BC1D0AA8D200641EA9 /* MGHuaTian.app */ = {isa = PBXFileReference; explicitFileType = wrapper.application; includeInIndex = 0; path = MGHuaTian.app; sourceTree = BUILT_PRODUCTS_DIR; };
		3AFFF9BF1D0AA8D200641EA9 /* AppDelegate.swift */ = {isa = PBXFileReference; lastKnownFileType = sourcecode.swift; path = AppDelegate.swift; sourceTree = "<group>"; };
		3AFFF9C41D0AA8D200641EA9 /* Base */ = {isa = PBXFileReference; lastKnownFileType = file.storyboard; name = Base; path = Base.lproj/Main.storyboard; sourceTree = "<group>"; };
		3AFFF9C71D0AA8D200641EA9 /* MGHuaTian.xcdatamodel */ = {isa = PBXFileReference; lastKnownFileType = wrapper.xcdatamodel; path = MGHuaTian.xcdatamodel; sourceTree = "<group>"; };
		3AFFF9C91D0AA8D200641EA9 /* Assets.xcassets */ = {isa = PBXFileReference; lastKnownFileType = folder.assetcatalog; path = Assets.xcassets; sourceTree = "<group>"; };
		3AFFF9CC1D0AA8D200641EA9 /* Base */ = {isa = PBXFileReference; lastKnownFileType = file.storyboard; name = Base; path = Base.lproj/LaunchScreen.storyboard; sourceTree = "<group>"; };
		3AFFF9CE1D0AA8D200641EA9 /* Info.plist */ = {isa = PBXFileReference; lastKnownFileType = text.plist.xml; path = Info.plist; sourceTree = "<group>"; };
		3AFFF9DC1D0AA9FE00641EA9 /* CODE BOLD.OTF */ = {isa = PBXFileReference; lastKnownFileType = file; path = "CODE BOLD.OTF"; sourceTree = "<group>"; };
		3AFFF9DD1D0AA9FE00641EA9 /* CODE LIGHT.OTF */ = {isa = PBXFileReference; lastKnownFileType = file; path = "CODE LIGHT.OTF"; sourceTree = "<group>"; };
		3AFFF9DE1D0AA9FE00641EA9 /* FZXQJW_0.TTF */ = {isa = PBXFileReference; lastKnownFileType = file; path = FZXQJW_0.TTF; sourceTree = "<group>"; };
		3AFFF9DF1D0AA9FE00641EA9 /* 方正兰亭纤黑简体.TTF */ = {isa = PBXFileReference; lastKnownFileType = file; path = "方正兰亭纤黑简体.TTF"; sourceTree = "<group>"; };
		3AFFF9E11D0AA9FE00641EA9 /* image.js */ = {isa = PBXFileReference; fileEncoding = 4; lastKnownFileType = sourcecode.javascript; path = image.js; sourceTree = "<group>"; };
		3AFFF9E31D0AA9FE00641EA9 /* area.plist */ = {isa = PBXFileReference; lastKnownFileType = file.bplist; path = area.plist; sourceTree = "<group>"; };
		3AFFF9E41D0AA9FE00641EA9 /* city.plist */ = {isa = PBXFileReference; lastKnownFileType = file.bplist; path = city.plist; sourceTree = "<group>"; };
		3AFFF9E51D0AA9FE00641EA9 /* country.plist */ = {isa = PBXFileReference; lastKnownFileType = file.bplist; path = country.plist; sourceTree = "<group>"; };
		3AFFF9EF1D0AAC2100641EA9 /* MGTabBarController.swift */ = {isa = PBXFileReference; fileEncoding = 4; lastKnownFileType = sourcecode.swift; path = MGTabBarController.swift; sourceTree = "<group>"; };
		3AFFF9F11D0AAD1900641EA9 /* MGMallsTableController.swift */ = {isa = PBXFileReference; fileEncoding = 4; lastKnownFileType = sourcecode.swift; path = MGMallsTableController.swift; sourceTree = "<group>"; };
		3AFFF9F51D0AAD8B00641EA9 /* MGColumnistViewController.swift */ = {isa = PBXFileReference; fileEncoding = 4; lastKnownFileType = sourcecode.swift; path = MGColumnistViewController.swift; sourceTree = "<group>"; };
		AD3AE956C677608D21BF7195 /* Pods-MGHuaTian.debug.xcconfig */ = {isa = PBXFileReference; includeInIndex = 1; lastKnownFileType = text.xcconfig; name = "Pods-MGHuaTian.debug.xcconfig"; path = "Pods/Target Support Files/Pods-MGHuaTian/Pods-MGHuaTian.debug.xcconfig"; sourceTree = "<group>"; };
		B3C3FF330BA01DD375939E16 /* Pods-MGHuaTian.release.xcconfig */ = {isa = PBXFileReference; includeInIndex = 1; lastKnownFileType = text.xcconfig; name = "Pods-MGHuaTian.release.xcconfig"; path = "Pods/Target Support Files/Pods-MGHuaTian/Pods-MGHuaTian.release.xcconfig"; sourceTree = "<group>"; };
		D42510CF9EE35906AF659010 /* Pods_MGHuaTian.framework */ = {isa = PBXFileReference; explicitFileType = wrapper.framework; includeInIndex = 0; path = Pods_MGHuaTian.framework; sourceTree = BUILT_PRODUCTS_DIR; };
/* End PBXFileReference section */

/* Begin PBXFrameworksBuildPhase section */
		3AFFF9B91D0AA8D200641EA9 /* Frameworks */ = {
			isa = PBXFrameworksBuildPhase;
			buildActionMask = 2147483647;
			files = (
				992731A486D2BD1134958EB2 /* Pods_MGHuaTian.framework in Frameworks */,
			);
			runOnlyForDeploymentPostprocessing = 0;
		};
/* End PBXFrameworksBuildPhase section */

/* Begin PBXGroup section */
		3A303A3C1D0AB3B40047BE42 /* Login */ = {
			isa = PBXGroup;
			children = (
				3A303A3D1D0AB3ED0047BE42 /* MGLoginController.swift */,
			);
			path = Login;
			sourceTree = "<group>";
		};
		3A303A3F1D0AB7490047BE42 /* View */ = {
			isa = PBXGroup;
			children = (
				3A303A441D0AB7A50047BE42 /* MGHomeArticleCell.swift */,
				3A303A461D0AB8550047BE42 /* MGBlurView.swift */,
				3A303A481D0AB9840047BE42 /* MGTitleBtn.swift */,
				3A303A4A1D0AB9B90047BE42 /* MGToolBottomView.swift */,
			);
			name = View;
			path = Cell;
			sourceTree = "<group>";
		};
		3A303A401D0AB7490047BE42 /* Controller */ = {
			isa = PBXGroup;
			children = (
				3A303A411D0AB7490047BE42 /* MGHomeTableController.swift */,
			);
			path = Controller;
			sourceTree = "<group>";
		};
		3A303A421D0AB7490047BE42 /* Model */ = {
			isa = PBXGroup;
			children = (
			);
			path = Model;
			sourceTree = "<group>";
		};
		3AFFF9B31D0AA8D100641EA9 = {
			isa = PBXGroup;
			children = (
				3AFFF9BE1D0AA8D200641EA9 /* MGHuaTian */,
				3AFFF9BD1D0AA8D200641EA9 /* Products */,
				8D14C8040A938AB0DC45CAA9 /* Pods */,
				73B3F05A11C3C27FC3374C5C /* Frameworks */,
			);
			sourceTree = "<group>";
		};
		3AFFF9BD1D0AA8D200641EA9 /* Products */ = {
			isa = PBXGroup;
			children = (
				3AFFF9BC1D0AA8D200641EA9 /* MGHuaTian.app */,
			);
			name = Products;
			sourceTree = "<group>";
		};
		3AFFF9BE1D0AA8D200641EA9 /* MGHuaTian */ = {
			isa = PBXGroup;
			children = (
				3AFFF9BF1D0AA8D200641EA9 /* AppDelegate.swift */,
				3AFFF9D41D0AA9FE00641EA9 /* Class */,
				3AFFF9C31D0AA8D200641EA9 /* Main.storyboard */,
				3AFFF9C91D0AA8D200641EA9 /* Assets.xcassets */,
				3AFFF9CB1D0AA8D200641EA9 /* LaunchScreen.storyboard */,
				3AFFF9CE1D0AA8D200641EA9 /* Info.plist */,
				3AFFF9C61D0AA8D200641EA9 /* MGHuaTian.xcdatamodeld */,
			);
			path = MGHuaTian;
			sourceTree = "<group>";
		};
		3AFFF9D41D0AA9FE00641EA9 /* Class */ = {
			isa = PBXGroup;
			children = (
				3AFFF9D61D0AA9FE00641EA9 /* Main */,
				3AFFF9D51D0AA9FE00641EA9 /* Home */,
				3AFFF9D71D0AA9FE00641EA9 /* Malls */,
				3AFFF9D81D0AA9FE00641EA9 /* Network */,
				3AFFF9D91D0AA9FE00641EA9 /* Profile */,
				3AFFF9DA1D0AA9FE00641EA9 /* Resources */,
				3AFFF9E61D0AA9FE00641EA9 /* Tools */,
			);
			path = Class;
			sourceTree = "<group>";
		};
		3AFFF9D51D0AA9FE00641EA9 /* Home */ = {
			isa = PBXGroup;
			children = (
				3A303A3F1D0AB7490047BE42 /* View */,
				3A303A401D0AB7490047BE42 /* Controller */,
				3A303A421D0AB7490047BE42 /* Model */,
			);
			path = Home;
			sourceTree = "<group>";
		};
		3AFFF9D61D0AA9FE00641EA9 /* Main */ = {
			isa = PBXGroup;
			children = (
				3AFFF9EF1D0AAC2100641EA9 /* MGTabBarController.swift */,
				3A303A3A1D0A3F6D0047BE42 /* MGNavigationController.swift */,
			);
			path = Main;
			sourceTree = "<group>";
		};
		3AFFF9D71D0AA9FE00641EA9 /* Malls */ = {
			isa = PBXGroup;
			children = (
				3AFFF9F11D0AAD1900641EA9 /* MGMallsTableController.swift */,
			);
			path = Malls;
			sourceTree = "<group>";
		};
		3AFFF9D81D0AA9FE00641EA9 /* Network */ = {
			isa = PBXGroup;
			children = (
			);
			path = Network;
			sourceTree = "<group>";
		};
		3AFFF9D91D0AA9FE00641EA9 /* Profile */ = {
			isa = PBXGroup;
			children = (
				3A303A3C1D0AB3B40047BE42 /* Login */,
				3AFFF9F51D0AAD8B00641EA9 /* MGColumnistViewController.swift */,
			);
			path = Profile;
			sourceTree = "<group>";
		};
		3AFFF9DA1D0AA9FE00641EA9 /* Resources */ = {
			isa = PBXGroup;
			children = (
				3AFFF9DB1D0AA9FE00641EA9 /* font */,
				3AFFF9E01D0AA9FE00641EA9 /* js */,
				3AFFF9E21D0AA9FE00641EA9 /* plist */,
			);
			path = Resources;
			sourceTree = "<group>";
		};
		3AFFF9DB1D0AA9FE00641EA9 /* font */ = {
			isa = PBXGroup;
			children = (
				3AFFF9DC1D0AA9FE00641EA9 /* CODE BOLD.OTF */,
				3AFFF9DD1D0AA9FE00641EA9 /* CODE LIGHT.OTF */,
				3AFFF9DE1D0AA9FE00641EA9 /* FZXQJW_0.TTF */,
				3AFFF9DF1D0AA9FE00641EA9 /* 方正兰亭纤黑简体.TTF */,
			);
			path = font;
			sourceTree = "<group>";
		};
		3AFFF9E01D0AA9FE00641EA9 /* js */ = {
			isa = PBXGroup;
			children = (
				3AFFF9E11D0AA9FE00641EA9 /* image.js */,
			);
			path = js;
			sourceTree = "<group>";
		};
		3AFFF9E21D0AA9FE00641EA9 /* plist */ = {
			isa = PBXGroup;
			children = (
				3AFFF9E31D0AA9FE00641EA9 /* area.plist */,
				3AFFF9E41D0AA9FE00641EA9 /* city.plist */,
				3AFFF9E51D0AA9FE00641EA9 /* country.plist */,
			);
			path = plist;
			sourceTree = "<group>";
		};
		3AFFF9E61D0AA9FE00641EA9 /* Tools */ = {
			isa = PBXGroup;
			children = (
			);
			path = Tools;
			sourceTree = "<group>";
		};
		73B3F05A11C3C27FC3374C5C /* Frameworks */ = {
			isa = PBXGroup;
			children = (
				D42510CF9EE35906AF659010 /* Pods_MGHuaTian.framework */,
			);
			name = Frameworks;
			sourceTree = "<group>";
		};
		8D14C8040A938AB0DC45CAA9 /* Pods */ = {
			isa = PBXGroup;
			children = (
				AD3AE956C677608D21BF7195 /* Pods-MGHuaTian.debug.xcconfig */,
				B3C3FF330BA01DD375939E16 /* Pods-MGHuaTian.release.xcconfig */,
			);
			name = Pods;
			sourceTree = "<group>";
		};
/* End PBXGroup section */

/* Begin PBXNativeTarget section */
		3AFFF9BB1D0AA8D200641EA9 /* MGHuaTian */ = {
			isa = PBXNativeTarget;
			buildConfigurationList = 3AFFF9D11D0AA8D200641EA9 /* Build configuration list for PBXNativeTarget "MGHuaTian" */;
			buildPhases = (
				40D29EB7CB05F388669012CB /* Check Pods Manifest.lock */,
				3AFFF9B81D0AA8D200641EA9 /* Sources */,
				3AFFF9B91D0AA8D200641EA9 /* Frameworks */,
				3AFFF9BA1D0AA8D200641EA9 /* Resources */,
				37FD56861A94F572FD5C7568 /* Embed Pods Frameworks */,
				F9E109FA7292EDAADE8AF6ED /* Copy Pods Resources */,
			);
			buildRules = (
			);
			dependencies = (
			);
			name = MGHuaTian;
			productName = MGHuaTian;
			productReference = 3AFFF9BC1D0AA8D200641EA9 /* MGHuaTian.app */;
			productType = "com.apple.product-type.application";
		};
/* End PBXNativeTarget section */

/* Begin PBXProject section */
		3AFFF9B41D0AA8D200641EA9 /* Project object */ = {
			isa = PBXProject;
			attributes = {
				CLASSPREFIX = MG;
				LastUpgradeCheck = 0700;
				ORGANIZATIONNAME = ming;
				TargetAttributes = {
					3AFFF9BB1D0AA8D200641EA9 = {
						CreatedOnToolsVersion = 7.0;
						DevelopmentTeam = H54L47S422;
					};
				};
			};
			buildConfigurationList = 3AFFF9B71D0AA8D200641EA9 /* Build configuration list for PBXProject "MGHuaTian" */;
			compatibilityVersion = "Xcode 3.2";
			developmentRegion = English;
			hasScannedForEncodings = 0;
			knownRegions = (
				en,
				Base,
			);
			mainGroup = 3AFFF9B31D0AA8D100641EA9;
			productRefGroup = 3AFFF9BD1D0AA8D200641EA9 /* Products */;
			projectDirPath = "";
			projectRoot = "";
			targets = (
				3AFFF9BB1D0AA8D200641EA9 /* MGHuaTian */,
			);
		};
/* End PBXProject section */

/* Begin PBXResourcesBuildPhase section */
		3AFFF9BA1D0AA8D200641EA9 /* Resources */ = {
			isa = PBXResourcesBuildPhase;
			buildActionMask = 2147483647;
			files = (
				3AFFF9EE1D0AA9FE00641EA9 /* country.plist in Resources */,
				3AFFF9E71D0AA9FE00641EA9 /* CODE BOLD.OTF in Resources */,
				3AFFF9CD1D0AA8D200641EA9 /* LaunchScreen.storyboard in Resources */,
				3AFFF9E81D0AA9FE00641EA9 /* CODE LIGHT.OTF in Resources */,
				3AFFF9CA1D0AA8D200641EA9 /* Assets.xcassets in Resources */,
				3AFFF9EA1D0AA9FE00641EA9 /* 方正兰亭纤黑简体.TTF in Resources */,
				3AFFF9C51D0AA8D200641EA9 /* Main.storyboard in Resources */,
				3AFFF9EB1D0AA9FE00641EA9 /* image.js in Resources */,
				3AFFF9ED1D0AA9FE00641EA9 /* city.plist in Resources */,
				3AFFF9E91D0AA9FE00641EA9 /* FZXQJW_0.TTF in Resources */,
				3AFFF9EC1D0AA9FE00641EA9 /* area.plist in Resources */,
			);
			runOnlyForDeploymentPostprocessing = 0;
		};
/* End PBXResourcesBuildPhase section */

/* Begin PBXShellScriptBuildPhase section */
		37FD56861A94F572FD5C7568 /* Embed Pods Frameworks */ = {
			isa = PBXShellScriptBuildPhase;
			buildActionMask = 2147483647;
			files = (
			);
			inputPaths = (
			);
			name = "Embed Pods Frameworks";
			outputPaths = (
			);
			runOnlyForDeploymentPostprocessing = 0;
			shellPath = /bin/sh;
			shellScript = "\"${SRCROOT}/Pods/Target Support Files/Pods-MGHuaTian/Pods-MGHuaTian-frameworks.sh\"\n";
			showEnvVarsInLog = 0;
		};
		40D29EB7CB05F388669012CB /* Check Pods Manifest.lock */ = {
			isa = PBXShellScriptBuildPhase;
			buildActionMask = 2147483647;
			files = (
			);
			inputPaths = (
			);
			name = "Check Pods Manifest.lock";
			outputPaths = (
			);
			runOnlyForDeploymentPostprocessing = 0;
			shellPath = /bin/sh;
			shellScript = "diff \"${PODS_ROOT}/../Podfile.lock\" \"${PODS_ROOT}/Manifest.lock\" > /dev/null\nif [[ $? != 0 ]] ; then\n    cat << EOM\nerror: The sandbox is not in sync with the Podfile.lock. Run 'pod install' or update your CocoaPods installation.\nEOM\n    exit 1\nfi\n";
			showEnvVarsInLog = 0;
		};
		F9E109FA7292EDAADE8AF6ED /* Copy Pods Resources */ = {
			isa = PBXShellScriptBuildPhase;
			buildActionMask = 2147483647;
			files = (
			);
			inputPaths = (
			);
			name = "Copy Pods Resources";
			outputPaths = (
			);
			runOnlyForDeploymentPostprocessing = 0;
			shellPath = /bin/sh;
			shellScript = "\"${SRCROOT}/Pods/Target Support Files/Pods-MGHuaTian/Pods-MGHuaTian-resources.sh\"\n";
			showEnvVarsInLog = 0;
		};
/* End PBXShellScriptBuildPhase section */

/* Begin PBXSourcesBuildPhase section */
		3AFFF9B81D0AA8D200641EA9 /* Sources */ = {
			isa = PBXSourcesBuildPhase;
			buildActionMask = 2147483647;
			files = (
				3AFFF9F21D0AAD1900641EA9 /* MGMallsTableController.swift in Sources */,
				3A303A471D0AB8550047BE42 /* MGBlurView.swift in Sources */,
				3AFFF9F61D0AAD8B00641EA9 /* MGColumnistViewController.swift in Sources */,
				3A303A491D0AB9840047BE42 /* MGTitleBtn.swift in Sources */,
				3AFFF9C81D0AA8D200641EA9 /* MGHuaTian.xcdatamodeld in Sources */,
				3A303A451D0AB7A50047BE42 /* MGHomeArticleCell.swift in Sources */,
				3A303A3E1D0AB3ED0047BE42 /* MGLoginController.swift in Sources */,
				3A303A4B1D0AB9B90047BE42 /* MGToolBottomView.swift in Sources */,
				3AFFF9C01D0AA8D200641EA9 /* AppDelegate.swift in Sources */,
				3AFFF9F01D0AAC2100641EA9 /* MGTabBarController.swift in Sources */,
				3A303A431D0AB7490047BE42 /* MGHomeTableController.swift in Sources */,
				3A303A3B1D0A3F6D0047BE42 /* MGNavigationController.swift in Sources */,
			);
			runOnlyForDeploymentPostprocessing = 0;
		};
/* End PBXSourcesBuildPhase section */

/* Begin PBXVariantGroup section */
		3AFFF9C31D0AA8D200641EA9 /* Main.storyboard */ = {
			isa = PBXVariantGroup;
			children = (
				3AFFF9C41D0AA8D200641EA9 /* Base */,
			);
			name = Main.storyboard;
			sourceTree = "<group>";
		};
		3AFFF9CB1D0AA8D200641EA9 /* LaunchScreen.storyboard */ = {
			isa = PBXVariantGroup;
			children = (
				3AFFF9CC1D0AA8D200641EA9 /* Base */,
			);
			name = LaunchScreen.storyboard;
			sourceTree = "<group>";
		};
/* End PBXVariantGroup section */

/* Begin XCBuildConfiguration section */
		3AFFF9CF1D0AA8D200641EA9 /* Debug */ = {
			isa = XCBuildConfiguration;
			buildSettings = {
				ALWAYS_SEARCH_USER_PATHS = NO;
				CLANG_CXX_LANGUAGE_STANDARD = "gnu++0x";
				CLANG_CXX_LIBRARY = "libc++";
				CLANG_ENABLE_MODULES = YES;
				CLANG_ENABLE_OBJC_ARC = YES;
				CLANG_WARN_BOOL_CONVERSION = YES;
				CLANG_WARN_CONSTANT_CONVERSION = YES;
				CLANG_WARN_DIRECT_OBJC_ISA_USAGE = YES_ERROR;
				CLANG_WARN_EMPTY_BODY = YES;
				CLANG_WARN_ENUM_CONVERSION = YES;
				CLANG_WARN_INT_CONVERSION = YES;
				CLANG_WARN_OBJC_ROOT_CLASS = YES_ERROR;
				CLANG_WARN_UNREACHABLE_CODE = YES;
				CLANG_WARN__DUPLICATE_METHOD_MATCH = YES;
				"CODE_SIGN_IDENTITY[sdk=iphoneos*]" = "iPhone Developer";
				COPY_PHASE_STRIP = NO;
				DEBUG_INFORMATION_FORMAT = dwarf;
				ENABLE_STRICT_OBJC_MSGSEND = YES;
				ENABLE_TESTABILITY = YES;
				GCC_C_LANGUAGE_STANDARD = gnu99;
				GCC_DYNAMIC_NO_PIC = NO;
				GCC_NO_COMMON_BLOCKS = YES;
				GCC_OPTIMIZATION_LEVEL = 0;
				GCC_PREPROCESSOR_DEFINITIONS = (
					"DEBUG=1",
					"$(inherited)",
				);
				GCC_WARN_64_TO_32_BIT_CONVERSION = YES;
				GCC_WARN_ABOUT_RETURN_TYPE = YES_ERROR;
				GCC_WARN_UNDECLARED_SELECTOR = YES;
				GCC_WARN_UNINITIALIZED_AUTOS = YES_AGGRESSIVE;
				GCC_WARN_UNUSED_FUNCTION = YES;
				GCC_WARN_UNUSED_VARIABLE = YES;
				IPHONEOS_DEPLOYMENT_TARGET = 9.0;
				MTL_ENABLE_DEBUG_INFO = YES;
				ONLY_ACTIVE_ARCH = YES;
				SDKROOT = iphoneos;
				SWIFT_OPTIMIZATION_LEVEL = "-Onone";
			};
			name = Debug;
		};
		3AFFF9D01D0AA8D200641EA9 /* Release */ = {
			isa = XCBuildConfiguration;
			buildSettings = {
				ALWAYS_SEARCH_USER_PATHS = NO;
				CLANG_CXX_LANGUAGE_STANDARD = "gnu++0x";
				CLANG_CXX_LIBRARY = "libc++";
				CLANG_ENABLE_MODULES = YES;
				CLANG_ENABLE_OBJC_ARC = YES;
				CLANG_WARN_BOOL_CONVERSION = YES;
				CLANG_WARN_CONSTANT_CONVERSION = YES;
				CLANG_WARN_DIRECT_OBJC_ISA_USAGE = YES_ERROR;
				CLANG_WARN_EMPTY_BODY = YES;
				CLANG_WARN_ENUM_CONVERSION = YES;
				CLANG_WARN_INT_CONVERSION = YES;
				CLANG_WARN_OBJC_ROOT_CLASS = YES_ERROR;
				CLANG_WARN_UNREACHABLE_CODE = YES;
				CLANG_WARN__DUPLICATE_METHOD_MATCH = YES;
				"CODE_SIGN_IDENTITY[sdk=iphoneos*]" = "iPhone Developer";
				COPY_PHASE_STRIP = NO;
				DEBUG_INFORMATION_FORMAT = "dwarf-with-dsym";
				ENABLE_NS_ASSERTIONS = NO;
				ENABLE_STRICT_OBJC_MSGSEND = YES;
				GCC_C_LANGUAGE_STANDARD = gnu99;
				GCC_NO_COMMON_BLOCKS = YES;
				GCC_WARN_64_TO_32_BIT_CONVERSION = YES;
				GCC_WARN_ABOUT_RETURN_TYPE = YES_ERROR;
				GCC_WARN_UNDECLARED_SELECTOR = YES;
				GCC_WARN_UNINITIALIZED_AUTOS = YES_AGGRESSIVE;
				GCC_WARN_UNUSED_FUNCTION = YES;
				GCC_WARN_UNUSED_VARIABLE = YES;
				IPHONEOS_DEPLOYMENT_TARGET = 9.0;
				MTL_ENABLE_DEBUG_INFO = NO;
				SDKROOT = iphoneos;
				VALIDATE_PRODUCT = YES;
			};
			name = Release;
		};
		3AFFF9D21D0AA8D200641EA9 /* Debug */ = {
			isa = XCBuildConfiguration;
			baseConfigurationReference = AD3AE956C677608D21BF7195 /* Pods-MGHuaTian.debug.xcconfig */;
			buildSettings = {
				ASSETCATALOG_COMPILER_APPICON_NAME = AppIcon;
				INFOPLIST_FILE = MGHuaTian/Info.plist;
				LD_RUNPATH_SEARCH_PATHS = "$(inherited) @executable_path/Frameworks";
				PRODUCT_BUNDLE_IDENTIFIER = com.ming.MGHuaTian;
				PRODUCT_NAME = "$(TARGET_NAME)";
			};
			name = Debug;
		};
		3AFFF9D31D0AA8D200641EA9 /* Release */ = {
			isa = XCBuildConfiguration;
			baseConfigurationReference = B3C3FF330BA01DD375939E16 /* Pods-MGHuaTian.release.xcconfig */;
			buildSettings = {
				ASSETCATALOG_COMPILER_APPICON_NAME = AppIcon;
				INFOPLIST_FILE = MGHuaTian/Info.plist;
				LD_RUNPATH_SEARCH_PATHS = "$(inherited) @executable_path/Frameworks";
				PRODUCT_BUNDLE_IDENTIFIER = com.ming.MGHuaTian;
				PRODUCT_NAME = "$(TARGET_NAME)";
			};
			name = Release;
		};
/* End XCBuildConfiguration section */

/* Begin XCConfigurationList section */
		3AFFF9B71D0AA8D200641EA9 /* Build configuration list for PBXProject "MGHuaTian" */ = {
			isa = XCConfigurationList;
			buildConfigurations = (
				3AFFF9CF1D0AA8D200641EA9 /* Debug */,
				3AFFF9D01D0AA8D200641EA9 /* Release */,
			);
			defaultConfigurationIsVisible = 0;
			defaultConfigurationName = Release;
		};
		3AFFF9D11D0AA8D200641EA9 /* Build configuration list for PBXNativeTarget "MGHuaTian" */ = {
			isa = XCConfigurationList;
			buildConfigurations = (
				3AFFF9D21D0AA8D200641EA9 /* Debug */,
				3AFFF9D31D0AA8D200641EA9 /* Release */,
			);
			defaultConfigurationIsVisible = 0;
			defaultConfigurationName = Release;
		};
/* End XCConfigurationList section */

/* Begin XCVersionGroup section */
		3AFFF9C61D0AA8D200641EA9 /* MGHuaTian.xcdatamodeld */ = {
			isa = XCVersionGroup;
			children = (
				3AFFF9C71D0AA8D200641EA9 /* MGHuaTian.xcdatamodel */,
			);
			currentVersion = 3AFFF9C71D0AA8D200641EA9 /* MGHuaTian.xcdatamodel */;
			path = MGHuaTian.xcdatamodeld;
			sourceTree = "<group>";
			versionGroupType = wrapper.xcdatamodel;
		};
/* End XCVersionGroup section */
	};
	rootObject = 3AFFF9B41D0AA8D200641EA9 /* Project object */;
}
